// !$*UTF8*$!
{
	archiveVersion = 1;
	classes = {
	};
	objectVersion = 77;
	objects = {

/* Begin PBXContainerItemProxy section */
		5C245A982E3885B000B02BF9 /* PBXContainerItemProxy */ = {
			isa = PBXContainerItemProxy;
			containerPortal = 5C245A792E3885AF00B02BF9 /* Project object */;
			proxyType = 1;
			remoteGlobalIDString = 5C245A802E3885AF00B02BF9;
			remoteInfo = UserDefaultsProjesi;
		};
		5C245AA22E3885B000B02BF9 /* PBXContainerItemProxy */ = {
			isa = PBXContainerItemProxy;
			containerPortal = 5C245A792E3885AF00B02BF9 /* Project object */;
			proxyType = 1;
			remoteGlobalIDString = 5C245A802E3885AF00B02BF9;
			remoteInfo = UserDefaultsProjesi;
		};
/* End PBXContainerItemProxy section */

/* Begin PBXFileReference section */
		5C245A812E3885AF00B02BF9 /* UserDefaultsProjesi.app */ = {isa = PBXFileReference; explicitFileType = wrapper.application; includeInIndex = 0; path = UserDefaultsProjesi.app; sourceTree = BUILT_PRODUCTS_DIR; };
		5C245A972E3885B000B02BF9 /* UserDefaultsProjesiTests.xctest */ = {isa = PBXFileReference; explicitFileType = wrapper.cfbundle; includeInIndex = 0; path = UserDefaultsProjesiTests.xctest; sourceTree = BUILT_PRODUCTS_DIR; };
		5C245AA12E3885B000B02BF9 /* UserDefaultsProjesiUITests.xctest */ = {isa = PBXFileReference; explicitFileType = wrapper.cfbundle; includeInIndex = 0; path = UserDefaultsProjesiUITests.xctest; sourceTree = BUILT_PRODUCTS_DIR; };
/* End PBXFileReference section */

/* Begin PBXFileSystemSynchronizedBuildFileExceptionSet section */
		5C245AA92E3885B000B02BF9 /* Exceptions for "UserDefaultsProjesi" folder in "UserDefaultsProjesi" target */ = {
			isa = PBXFileSystemSynchronizedBuildFileExceptionSet;
			membershipExceptions = (
				Info.plist,
			);
			target = 5C245A802E3885AF00B02BF9 /* UserDefaultsProjesi */;
		};
/* End PBXFileSystemSynchronizedBuildFileExceptionSet section */

/* Begin PBXFileSystemSynchronizedRootGroup section */
		5C245A832E3885AF00B02BF9 /* UserDefaultsProjesi */ = {
			isa = PBXFileSystemSynchronizedRootGroup;
			exceptions = (
				5C245AA92E3885B000B02BF9 /* Exceptions for "UserDefaultsProjesi" folder in "UserDefaultsProjesi" target */,
			);
			path = UserDefaultsProjesi;
			sourceTree = "<group>";
		};
		5C245A9A2E3885B000B02BF9 /* UserDefaultsProjesiTests */ = {
			isa = PBXFileSystemSynchronizedRootGroup;
			path = UserDefaultsProjesiTests;
			sourceTree = "<group>";
		};
		5C245AA42E3885B000B02BF9 /* UserDefaultsProjesiUITests */ = {
			isa = PBXFileSystemSynchronizedRootGroup;
			path = UserDefaultsProjesiUITests;
			sourceTree = "<group>";
		};
/* End PBXFileSystemSynchronizedRootGroup section */

/* Begin PBXFrameworksBuildPhase section */
		5C245A7E2E3885AF00B02BF9 /* Frameworks */ = {
			isa = PBXFrameworksBuildPhase;
			buildActionMask = 2147483647;
			files = (
			);
			runOnlyForDeploymentPostprocessing = 0;
		};
		5C245A942E3885B000B02BF9 /* Frameworks */ = {
			isa = PBXFrameworksBuildPhase;
			buildActionMask = 2147483647;
			files = (
			);
			runOnlyForDeploymentPostprocessing = 0;
		};
		5C245A9E2E3885B000B02BF9 /* Frameworks */ = {
			isa = PBXFrameworksBuildPhase;
			buildActionMask = 2147483647;
			files = (
			);
			runOnlyForDeploymentPostprocessing = 0;
		};
/* End PBXFrameworksBuildPhase section */

/* Begin PBXGroup section */
		5C245A782E3885AF00B02BF9 = {
			isa = PBXGroup;
			children = (
				5C245A832E3885AF00B02BF9 /* UserDefaultsProjesi */,
				5C245A9A2E3885B000B02BF9 /* UserDefaultsProjesiTests */,
				5C245AA42E3885B000B02BF9 /* UserDefaultsProjesiUITests */,
				5C245A822E3885AF00B02BF9 /* Products */,
			);
			sourceTree = "<group>";
		};
		5C245A822E3885AF00B02BF9 /* Products */ = {
			isa = PBXGroup;
			children = (
				5C245A812E3885AF00B02BF9 /* UserDefaultsProjesi.app */,
				5C245A972E3885B000B02BF9 /* UserDefaultsProjesiTests.xctest */,
				5C245AA12E3885B000B02BF9 /* UserDefaultsProjesiUITests.xctest */,
			);
			name = Products;
			sourceTree = "<group>";
		};
/* End PBXGroup section */

/* Begin PBXNativeTarget section */
		5C245A802E3885AF00B02BF9 /* UserDefaultsProjesi */ = {
			isa = PBXNativeTarget;
			buildConfigurationList = 5C245AAA2E3885B000B02BF9 /* Build configuration list for PBXNativeTarget "UserDefaultsProjesi" */;
			buildPhases = (
				5C245A7D2E3885AF00B02BF9 /* Sources */,
				5C245A7E2E3885AF00B02BF9 /* Frameworks */,
				5C245A7F2E3885AF00B02BF9 /* Resources */,
			);
			buildRules = (
			);
			dependencies = (
			);
			fileSystemSynchronizedGroups = (
				5C245A832E3885AF00B02BF9 /* UserDefaultsProjesi */,
			);
			name = UserDefaultsProjesi;
			packageProductDependencies = (
			);
			productName = UserDefaultsProjesi;
			productReference = 5C245A812E3885AF00B02BF9 /* UserDefaultsProjesi.app */;
			productType = "com.apple.product-type.application";
		};
		5C245A962E3885B000B02BF9 /* UserDefaultsProjesiTests */ = {
			isa = PBXNativeTarget;
			buildConfigurationList = 5C245AAF2E3885B000B02BF9 /* Build configuration list for PBXNativeTarget "UserDefaultsProjesiTests" */;
			buildPhases = (
				5C245A932E3885B000B02BF9 /* Sources */,
				5C245A942E3885B000B02BF9 /* Frameworks */,
				5C245A952E3885B000B02BF9 /* Resources */,
			);
			buildRules = (
			);
			dependencies = (
				5C245A992E3885B000B02BF9 /* PBXTargetDependency */,
			);
			fileSystemSynchronizedGroups = (
				5C245A9A2E3885B000B02BF9 /* UserDefaultsProjesiTests */,
			);
			name = UserDefaultsProjesiTests;
			packageProductDependencies = (
			);
			productName = UserDefaultsProjesiTests;
			productReference = 5C245A972E3885B000B02BF9 /* UserDefaultsProjesiTests.xctest */;
			productType = "com.apple.product-type.bundle.unit-test";
		};
		5C245AA02E3885B000B02BF9 /* UserDefaultsProjesiUITests */ = {
			isa = PBXNativeTarget;
			buildConfigurationList = 5C245AB22E3885B000B02BF9 /* Build configuration list for PBXNativeTarget "UserDefaultsProjesiUITests" */;
			buildPhases = (
				5C245A9D2E3885B000B02BF9 /* Sources */,
				5C245A9E2E3885B000B02BF9 /* Frameworks */,
				5C245A9F2E3885B000B02BF9 /* Resources */,
			);
			buildRules = (
			);
			dependencies = (
				5C245AA32E3885B000B02BF9 /* PBXTargetDependency */,
			);
			fileSystemSynchronizedGroups = (
				5C245AA42E3885B000B02BF9 /* UserDefaultsProjesiUITests */,
			);
			name = UserDefaultsProjesiUITests;
			packageProductDependencies = (
			);
			productName = UserDefaultsProjesiUITests;
			productReference = 5C245AA12E3885B000B02BF9 /* UserDefaultsProjesiUITests.xctest */;
			productType = "com.apple.product-type.bundle.ui-testing";
		};
/* End PBXNativeTarget section */

/* Begin PBXProject section */
		5C245A792E3885AF00B02BF9 /* Project object */ = {
			isa = PBXProject;
			attributes = {
				BuildIndependentTargetsInParallel = 1;
				LastSwiftUpdateCheck = 1640;
				LastUpgradeCheck = 1640;
				TargetAttributes = {
					5C245A802E3885AF00B02BF9 = {
						CreatedOnToolsVersion = 16.4;
					};
					5C245A962E3885B000B02BF9 = {
						CreatedOnToolsVersion = 16.4;
						TestTargetID = 5C245A802E3885AF00B02BF9;
					};
					5C245AA02E3885B000B02BF9 = {
						CreatedOnToolsVersion = 16.4;
						TestTargetID = 5C245A802E3885AF00B02BF9;
					};
				};
			};
			buildConfigurationList = 5C245A7C2E3885AF00B02BF9 /* Build configuration list for PBXProject "UserDefaultsProjesi" */;
			developmentRegion = en;
			hasScannedForEncodings = 0;
			knownRegions = (
				en,
				Base,
			);
			mainGroup = 5C245A782E3885AF00B02BF9;
			minimizedProjectReferenceProxies = 1;
			preferredProjectObjectVersion = 77;
			productRefGroup = 5C245A822E3885AF00B02BF9 /* Products */;
			projectDirPath = "";
			projectRoot = "";
			targets = (
				5C245A802E3885AF00B02BF9 /* UserDefaultsProjesi */,
				5C245A962E3885B000B02BF9 /* UserDefaultsProjesiTests */,
				5C245AA02E3885B000B02BF9 /* UserDefaultsProjesiUITests */,
			);
		};
/* End PBXProject section */

/* Begin PBXResourcesBuildPhase section */
		5C245A7F2E3885AF00B02BF9 /* Resources */ = {
			isa = PBXResourcesBuildPhase;
			buildActionMask = 2147483647;
			files = (
			);
			runOnlyForDeploymentPostprocessing = 0;
		};
		5C245A952E3885B000B02BF9 /* Resources */ = {
			isa = PBXResourcesBuildPhase;
			buildActionMask = 2147483647;
			files = (
			);
			runOnlyForDeploymentPostprocessing = 0;
		};
		5C245A9F2E3885B000B02BF9 /* Resources */ = {
			isa = PBXResourcesBuildPhase;
			buildActionMask = 2147483647;
			files = (
			);
			runOnlyForDeploymentPostprocessing = 0;
		};
/* End PBXResourcesBuildPhase section */

/* Begin PBXSourcesBuildPhase section */
		5C245A7D2E3885AF00B02BF9 /* Sources */ = {
			isa = PBXSourcesBuildPhase;
			buildActionMask = 2147483647;
			files = (
			);
			runOnlyForDeploymentPostprocessing = 0;
		};
		5C245A932E3885B000B02BF9 /* Sources */ = {
			isa = PBXSourcesBuildPhase;
			buildActionMask = 2147483647;
			files = (
			);
			runOnlyForDeploymentPostprocessing = 0;
		};
		5C245A9D2E3885B000B02BF9 /* Sources */ = {
			isa = PBXSourcesBuildPhase;
			buildActionMask = 2147483647;
			files = (
			);
			runOnlyForDeploymentPostprocessing = 0;
		};
/* End PBXSourcesBuildPhase section */

/* Begin PBXTargetDependency section */
		5C245A992E3885B000B02BF9 /* PBXTargetDependency */ = {
			isa = PBXTargetDependency;
			target = 5C245A802E3885AF00B02BF9 /* UserDefaultsProjesi */;
			targetProxy = 5C245A982E3885B000B02BF9 /* PBXContainerItemProxy */;
		};
		5C245AA32E3885B000B02BF9 /* PBXTargetDependency */ = {
			isa = PBXTargetDependency;
			target = 5C245A802E3885AF00B02BF9 /* UserDefaultsProjesi */;
			targetProxy = 5C245AA22E3885B000B02BF9 /* PBXContainerItemProxy */;
		};
/* End PBXTargetDependency section */

/* Begin XCBuildConfiguration section */
		5C245AAB2E3885B000B02BF9 /* Debug */ = {
			isa = XCBuildConfiguration;
			buildSettings = {
				ASSETCATALOG_COMPILER_APPICON_NAME = AppIcon;
				ASSETCATALOG_COMPILER_GLOBAL_ACCENT_COLOR_NAME = AccentColor;
				CODE_SIGN_STYLE = Automatic;
				CURRENT_PROJECT_VERSION = 1;
				DEVELOPMENT_TEAM = BM54N534ZR;
				GENERATE_INFOPLIST_FILE = YES;
				INFOPLIST_FILE = UserDefaultsProjesi/Info.plist;
				INFOPLIST_KEY_UIApplicationSupportsIndirectInputEvents = YES;
				INFOPLIST_KEY_UILaunchStoryboardName = LaunchScreen;
				INFOPLIST_KEY_UIMainStoryboardFile = Main;
				INFOPLIST_KEY_UISupportedInterfaceOrientations_iPad = "UIInterfaceOrientationPortrait UIInterfaceOrientationPortraitUpsideDown UIInterfaceOrientationLandscapeLeft UIInterfaceOrientationLandscapeRight";
				INFOPLIST_KEY_UISupportedInterfaceOrientations_iPhone = "UIInterfaceOrientationPortrait UIInterfaceOrientationLandscapeLeft UIInterfaceOrientationLandscapeRight";
				LD_RUNPATH_SEARCH_PATHS = (
					"$(inherited)",
					"@executable_path/Frameworks",
				);
				MARKETING_VERSION = 1.0;
				PRODUCT_BUNDLE_IDENTIFIER = com.ozlemcihan.UserDefaultsProjesi;
				PRODUCT_NAME = "$(TARGET_NAME)";
				SWIFT_EMIT_LOC_STRINGS = YES;
				SWIFT_VERSION = 5.0;
				TARGETED_DEVICE_FAMILY = "1,2";
			};
			name = Debug;
		};
		5C245AAC2E3885B000B02BF9 /* Release */ = {
			isa = XCBuildConfiguration;
			buildSettings = {
				ASSETCATALOG_COMPILER_APPICON_NAME = AppIcon;
				ASSETCATALOG_COMPILER_GLOBAL_ACCENT_COLOR_NAME = AccentColor;
				CODE_SIGN_STYLE = Automatic;
				CURRENT_PROJECT_VERSION = 1;
				DEVELOPMENT_TEAM = BM54N534ZR;
				GENERATE_INFOPLIST_FILE = YES;
				INFOPLIST_FILE = UserDefaultsProjesi/Info.plist;
				INFOPLIST_KEY_UIApplicationSupportsIndirectInputEvents = YES;
				INFOPLIST_KEY_UILaunchStoryboardName = LaunchScreen;
				INFOPLIST_KEY_UIMainStoryboardFile = Main;
				INFOPLIST_KEY_UISupportedInterfaceOrientations_iPad = "UIInterfaceOrientationPortrait UIInterfaceOrientationPortraitUpsideDown UIInterfaceOrientationLandscapeLeft UIInterfaceOrientationLandscapeRight";
				INFOPLIST_KEY_UISupportedInterfaceOrientations_iPhone = "UIInterfaceOrientationPortrait UIInterfaceOrientationLandscapeLeft UIInterfaceOrientationLandscapeRight";
				LD_RUNPATH_SEARCH_PATHS = (
					"$(inherited)",
					"@executable_path/Frameworks",
				);
				MARKETING_VERSION = 1.0;
				PRODUCT_BUNDLE_IDENTIFIER = com.ozlemcihan.UserDefaultsProjesi;
				PRODUCT_NAME = "$(TARGET_NAME)";
				SWIFT_EMIT_LOC_STRINGS = YES;
				SWIFT_VERSION = 5.0;
				TARGETED_DEVICE_FAMILY = "1,2";
			};
			name = Release;
		};
		5C245AAD2E3885B000B02BF9 /* Debug */ = {
			isa = XCBuildConfiguration;
			buildSettings = {
				ALWAYS_SEARCH_USER_PATHS = NO;
				ASSETCATALOG_COMPILER_GENERATE_SWIFT_ASSET_SYMBOL_EXTENSIONS = YES;
				CLANG_ANALYZER_NONNULL = YES;
				CLANG_ANALYZER_NUMBER_OBJECT_CONVERSION = YES_AGGRESSIVE;
				CLANG_CXX_LANGUAGE_STANDARD = "gnu++20";
				CLANG_ENABLE_MODULES = YES;
				CLANG_ENABLE_OBJC_ARC = YES;
				CLANG_ENABLE_OBJC_WEAK = YES;
				CLANG_WARN_BLOCK_CAPTURE_AUTORELEASING = YES;
				CLANG_WARN_BOOL_CONVERSION = YES;
				CLANG_WARN_COMMA = YES;
				CLANG_WARN_CONSTANT_CONVERSION = YES;
				CLANG_WARN_DEPRECATED_OBJC_IMPLEMENTATIONS = YES;
				CLANG_WARN_DIRECT_OBJC_ISA_USAGE = YES_ERROR;
				CLANG_WARN_DOCUMENTATION_COMMENTS = YES;
				CLANG_WARN_EMPTY_BODY = YES;
				CLANG_WARN_ENUM_CONVERSION = YES;
				CLANG_WARN_INFINITE_RECURSION = YES;
				CLANG_WARN_INT_CONVERSION = YES;
				CLANG_WARN_NON_LITERAL_NULL_CONVERSION = YES;
				CLANG_WARN_OBJC_IMPLICIT_RETAIN_SELF = YES;
				CLANG_WARN_OBJC_LITERAL_CONVERSION = YES;
				CLANG_WARN_OBJC_ROOT_CLASS = YES_ERROR;
				CLANG_WARN_QUOTED_INCLUDE_IN_FRAMEWORK_HEADER = YES;
				CLANG_WARN_RANGE_LOOP_ANALYSIS = YES;
				CLANG_WARN_STRICT_PROTOTYPES = YES;
				CLANG_WARN_SUSPICIOUS_MOVE = YES;
				CLANG_WARN_UNGUARDED_AVAILABILITY = YES_AGGRESSIVE;
				CLANG_WARN_UNREACHABLE_CODE = YES;
				CLANG_WARN__DUPLICATE_METHOD_MATCH = YES;
				COPY_PHASE_STRIP = NO;
				DEBUG_INFORMATION_FORMAT = dwarf;
				DEVELOPMENT_TEAM = BM54N534ZR;
				ENABLE_STRICT_OBJC_MSGSEND = YES;
				ENABLE_TESTABILITY = YES;
				ENABLE_USER_SCRIPT_SANDBOXING = YES;
				GCC_C_LANGUAGE_STANDARD = gnu17;
				GCC_DYNAMIC_NO_PIC = NO;
				GCC_NO_COMMON_BLOCKS = YES;
				GCC_OPTIMIZATION_LEVEL = 0;
				GCC_PREPROCESSOR_DEFINITIONS = (
					"DEBUG=1",
					"$(inherited)",
				);
				GCC_WARN_64_TO_32_BIT_CONVERSION = YES;
				GCC_WARN_ABOUT_RETURN_TYPE = YES_ERROR;
				GCC_WARN_UNDECLARED_SELECTOR = YES;
				GCC_WARN_UNINITIALIZED_AUTOS = YES_AGGRESSIVE;
				GCC_WARN_UNUSED_FUNCTION = YES;
				GCC_WARN_UNUSED_VARIABLE = YES;
				IPHONEOS_DEPLOYMENT_TARGET = 18.5;
				LOCALIZATION_PREFERS_STRING_CATALOGS = YES;
				MTL_ENABLE_DEBUG_INFO = INCLUDE_SOURCE;
				MTL_FAST_MATH = YES;
				ONLY_ACTIVE_ARCH = YES;
				SDKROOT = iphoneos;
				SWIFT_ACTIVE_COMPILATION_CONDITIONS = "DEBUG $(inherited)";
				SWIFT_OPTIMIZATION_LEVEL = "-Onone";
			};
			name = Debug;
		};
		5C245AAE2E3885B000B02BF9 /* Release */ = {
			isa = XCBuildConfiguration;
			buildSettings = {
				ALWAYS_SEARCH_USER_PATHS = NO;
				ASSETCATALOG_COMPILER_GENERATE_SWIFT_ASSET_SYMBOL_EXTENSIONS = YES;
				CLANG_ANALYZER_NONNULL = YES;
				CLANG_ANALYZER_NUMBER_OBJECT_CONVERSION = YES_AGGRESSIVE;
				CLANG_CXX_LANGUAGE_STANDARD = "gnu++20";
				CLANG_ENABLE_MODULES = YES;
				CLANG_ENABLE_OBJC_ARC = YES;
				CLANG_ENABLE_OBJC_WEAK = YES;
				CLANG_WARN_BLOCK_CAPTURE_AUTORELEASING = YES;
				CLANG_WARN_BOOL_CONVERSION = YES;
				CLANG_WARN_COMMA = YES;
				CLANG_WARN_CONSTANT_CONVERSION = YES;
				CLANG_WARN_DEPRECATED_OBJC_IMPLEMENTATIONS = YES;
				CLANG_WARN_DIRECT_OBJC_ISA_USAGE = YES_ERROR;
				CLANG_WARN_DOCUMENTATION_COMMENTS = YES;
				CLANG_WARN_EMPTY_BODY = YES;
				CLANG_WARN_ENUM_CONVERSION = YES;
				CLANG_WARN_INFINITE_RECURSION = YES;
				CLANG_WARN_INT_CONVERSION = YES;
				CLANG_WARN_NON_LITERAL_NULL_CONVERSION = YES;
				CLANG_WARN_OBJC_IMPLICIT_RETAIN_SELF = YES;
				CLANG_WARN_OBJC_LITERAL_CONVERSION = YES;
				CLANG_WARN_OBJC_ROOT_CLASS = YES_ERROR;
				CLANG_WARN_QUOTED_INCLUDE_IN_FRAMEWORK_HEADER = YES;
				CLANG_WARN_RANGE_LOOP_ANALYSIS = YES;
				CLANG_WARN_STRICT_PROTOTYPES = YES;
				CLANG_WARN_SUSPICIOUS_MOVE = YES;
				CLANG_WARN_UNGUARDED_AVAILABILITY = YES_AGGRESSIVE;
				CLANG_WARN_UNREACHABLE_CODE = YES;
				CLANG_WARN__DUPLICATE_METHOD_MATCH = YES;
				COPY_PHASE_STRIP = NO;
				DEBUG_INFORMATION_FORMAT = "dwarf-with-dsym";
				DEVELOPMENT_TEAM = BM54N534ZR;
				ENABLE_NS_ASSERTIONS = NO;
				ENABLE_STRICT_OBJC_MSGSEND = YES;
				ENABLE_USER_SCRIPT_SANDBOXING = YES;
				GCC_C_LANGUAGE_STANDARD = gnu17;
				GCC_NO_COMMON_BLOCKS = YES;
				GCC_WARN_64_TO_32_BIT_CONVERSION = YES;
				GCC_WARN_ABOUT_RETURN_TYPE = YES_ERROR;
				GCC_WARN_UNDECLARED_SELECTOR = YES;
				GCC_WARN_UNINITIALIZED_AUTOS = YES_AGGRESSIVE;
				GCC_WARN_UNUSED_FUNCTION = YES;
				GCC_WARN_UNUSED_VARIABLE = YES;
				IPHONEOS_DEPLOYMENT_TARGET = 18.5;
				LOCALIZATION_PREFERS_STRING_CATALOGS = YES;
				MTL_ENABLE_DEBUG_INFO = NO;
				MTL_FAST_MATH = YES;
				SDKROOT = iphoneos;
				SWIFT_COMPILATION_MODE = wholemodule;
				VALIDATE_PRODUCT = YES;
			};
			name = Release;
		};
		5C245AB02E3885B000B02BF9 /* Debug */ = {
			isa = XCBuildConfiguration;
			buildSettings = {
				BUNDLE_LOADER = "$(TEST_HOST)";
				CODE_SIGN_STYLE = Automatic;
				CURRENT_PROJECT_VERSION = 1;
				DEVELOPMENT_TEAM = BM54N534ZR;
				GENERATE_INFOPLIST_FILE = YES;
				IPHONEOS_DEPLOYMENT_TARGET = 18.5;
				MARKETING_VERSION = 1.0;
				PRODUCT_BUNDLE_IDENTIFIER = com.ozlemcihan.UserDefaultsProjesiTests;
				PRODUCT_NAME = "$(TARGET_NAME)";
				SWIFT_EMIT_LOC_STRINGS = NO;
				SWIFT_VERSION = 5.0;
				TARGETED_DEVICE_FAMILY = "1,2";
				TEST_HOST = "$(BUILT_PRODUCTS_DIR)/UserDefaultsProjesi.app/$(BUNDLE_EXECUTABLE_FOLDER_PATH)/UserDefaultsProjesi";
			};
			name = Debug;
		};
		5C245AB12E3885B000B02BF9 /* Release */ = {
			isa = XCBuildConfiguration;
			buildSettings = {
				BUNDLE_LOADER = "$(TEST_HOST)";
				CODE_SIGN_STYLE = Automatic;
				CURRENT_PROJECT_VERSION = 1;
				DEVELOPMENT_TEAM = BM54N534ZR;
				GENERATE_INFOPLIST_FILE = YES;
				IPHONEOS_DEPLOYMENT_TARGET = 18.5;
				MARKETING_VERSION = 1.0;
				PRODUCT_BUNDLE_IDENTIFIER = com.ozlemcihan.UserDefaultsProjesiTests;
				PRODUCT_NAME = "$(TARGET_NAME)";
				SWIFT_EMIT_LOC_STRINGS = NO;
				SWIFT_VERSION = 5.0;
				TARGETED_DEVICE_FAMILY = "1,2";
				TEST_HOST = "$(BUILT_PRODUCTS_DIR)/UserDefaultsProjesi.app/$(BUNDLE_EXECUTABLE_FOLDER_PATH)/UserDefaultsProjesi";
			};
			name = Release;
		};
		5C245AB32E3885B000B02BF9 /* Debug */ = {
			isa = XCBuildConfiguration;
			buildSettings = {
				CODE_SIGN_STYLE = Automatic;
				CURRENT_PROJECT_VERSION = 1;
				DEVELOPMENT_TEAM = BM54N534ZR;
				GENERATE_INFOPLIST_FILE = YES;
				MARKETING_VERSION = 1.0;
				PRODUCT_BUNDLE_IDENTIFIER = com.ozlemcihan.UserDefaultsProjesiUITests;
				PRODUCT_NAME = "$(TARGET_NAME)";
				SWIFT_EMIT_LOC_STRINGS = NO;
				SWIFT_VERSION = 5.0;
				TARGETED_DEVICE_FAMILY = "1,2";
				TEST_TARGET_NAME = UserDefaultsProjesi;
			};
			name = Debug;
		};
		5C245AB42E3885B000B02BF9 /* Release */ = {
			isa = XCBuildConfiguration;
			buildSettings = {
				CODE_SIGN_STYLE = Automatic;
				CURRENT_PROJECT_VERSION = 1;
				DEVELOPMENT_TEAM = BM54N534ZR;
				GENERATE_INFOPLIST_FILE = YES;
				MARKETING_VERSION = 1.0;
				PRODUCT_BUNDLE_IDENTIFIER = com.ozlemcihan.UserDefaultsProjesiUITests;
				PRODUCT_NAME = "$(TARGET_NAME)";
				SWIFT_EMIT_LOC_STRINGS = NO;
				SWIFT_VERSION = 5.0;
				TARGETED_DEVICE_FAMILY = "1,2";
				TEST_TARGET_NAME = UserDefaultsProjesi;
			};
			name = Release;
		};
/* End XCBuildConfiguration section */

/* Begin XCConfigurationList section */
		5C245A7C2E3885AF00B02BF9 /* Build configuration list for PBXProject "UserDefaultsProjesi" */ = {
			isa = XCConfigurationList;
			buildConfigurations = (
				5C245AAD2E3885B000B02BF9 /* Debug */,
				5C245AAE2E3885B000B02BF9 /* Release */,
			);
			defaultConfigurationIsVisible = 0;
			defaultConfigurationName = Release;
		};
		5C245AAA2E3885B000B02BF9 /* Build configuration list for PBXNativeTarget "UserDefaultsProjesi" */ = {
			isa = XCConfigurationList;
			buildConfigurations = (
				5C245AAB2E3885B000B02BF9 /* Debug */,
				5C245AAC2E3885B000B02BF9 /* Release */,
			);
			defaultConfigurationIsVisible = 0;
			defaultConfigurationName = Release;
		};
		5C245AAF2E3885B000B02BF9 /* Build configuration list for PBXNativeTarget "UserDefaultsProjesiTests" */ = {
			isa = XCConfigurationList;
			buildConfigurations = (
				5C245AB02E3885B000B02BF9 /* Debug */,
				5C245AB12E3885B000B02BF9 /* Release */,
			);
			defaultConfigurationIsVisible = 0;
			defaultConfigurationName = Release;
		};
		5C245AB22E3885B000B02BF9 /* Build configuration list for PBXNativeTarget "UserDefaultsProjesiUITests" */ = {
			isa = XCConfigurationList;
			buildConfigurations = (
				5C245AB32E3885B000B02BF9 /* Debug */,
				5C245AB42E3885B000B02BF9 /* Release */,
			);
			defaultConfigurationIsVisible = 0;
			defaultConfigurationName = Release;
		};
/* End XCConfigurationList section */
	};
	rootObject = 5C245A792E3885AF00B02BF9 /* Project object */;
}
