// !$*UTF8*$!
{
	archiveVersion = 1;
	classes = {
	};
	objectVersion = 77;
	objects = {

/* Begin PBXContainerItemProxy section */
		5CB3FBBA2E30D2B90021E2EF /* PBXContainerItemProxy */ = {
			isa = PBXContainerItemProxy;
			containerPortal = 5CB3FB9B2E30D2B90021E2EF /* Project object */;
			proxyType = 1;
			remoteGlobalIDString = 5CB3FBA22E30D2B90021E2EF;
			remoteInfo = IlkUygulamam;
		};
		5CB3FBC42E30D2B90021E2EF /* PBXContainerItemProxy */ = {
			isa = PBXContainerItemProxy;
			containerPortal = 5CB3FB9B2E30D2B90021E2EF /* Project object */;
			proxyType = 1;
			remoteGlobalIDString = 5CB3FBA22E30D2B90021E2EF;
			remoteInfo = IlkUygulamam;
		};
/* End PBXContainerItemProxy section */

/* Begin PBXFileReference section */
		5CB3FBA32E30D2B90021E2EF /* IlkUygulamam.app */ = {isa = PBXFileReference; explicitFileType = wrapper.application; includeInIndex = 0; path = IlkUygulamam.app; sourceTree = BUILT_PRODUCTS_DIR; };
		5CB3FBB92E30D2B90021E2EF /* IlkUygulamamTests.xctest */ = {isa = PBXFileReference; explicitFileType = wrapper.cfbundle; includeInIndex = 0; path = IlkUygulamamTests.xctest; sourceTree = BUILT_PRODUCTS_DIR; };
		5CB3FBC32E30D2B90021E2EF /* IlkUygulamamUITests.xctest */ = {isa = PBXFileReference; explicitFileType = wrapper.cfbundle; includeInIndex = 0; path = IlkUygulamamUITests.xctest; sourceTree = BUILT_PRODUCTS_DIR; };
/* End PBXFileReference section */

/* Begin PBXFileSystemSynchronizedBuildFileExceptionSet section */
		5CB3FBCB2E30D2B90021E2EF /* Exceptions for "IlkUygulamam" folder in "IlkUygulamam" target */ = {
			isa = PBXFileSystemSynchronizedBuildFileExceptionSet;
			membershipExceptions = (
				Info.plist,
			);
			target = 5CB3FBA22E30D2B90021E2EF /* IlkUygulamam */;
		};
/* End PBXFileSystemSynchronizedBuildFileExceptionSet section */

/* Begin PBXFileSystemSynchronizedRootGroup section */
		5CB3FBA52E30D2B90021E2EF /* IlkUygulamam */ = {
			isa = PBXFileSystemSynchronizedRootGroup;
			exceptions = (
				5CB3FBCB2E30D2B90021E2EF /* Exceptions for "IlkUygulamam" folder in "IlkUygulamam" target */,
			);
			path = IlkUygulamam;
			sourceTree = "<group>";
		};
		5CB3FBBC2E30D2B90021E2EF /* IlkUygulamamTests */ = {
			isa = PBXFileSystemSynchronizedRootGroup;
			path = IlkUygulamamTests;
			sourceTree = "<group>";
		};
		5CB3FBC62E30D2B90021E2EF /* IlkUygulamamUITests */ = {
			isa = PBXFileSystemSynchronizedRootGroup;
			path = IlkUygulamamUITests;
			sourceTree = "<group>";
		};
/* End PBXFileSystemSynchronizedRootGroup section */

/* Begin PBXFrameworksBuildPhase section */
		5CB3FBA02E30D2B90021E2EF /* Frameworks */ = {
			isa = PBXFrameworksBuildPhase;
			buildActionMask = 2147483647;
			files = (
			);
			runOnlyForDeploymentPostprocessing = 0;
		};
		5CB3FBB62E30D2B90021E2EF /* Frameworks */ = {
			isa = PBXFrameworksBuildPhase;
			buildActionMask = 2147483647;
			files = (
			);
			runOnlyForDeploymentPostprocessing = 0;
		};
		5CB3FBC02E30D2B90021E2EF /* Frameworks */ = {
			isa = PBXFrameworksBuildPhase;
			buildActionMask = 2147483647;
			files = (
			);
			runOnlyForDeploymentPostprocessing = 0;
		};
/* End PBXFrameworksBuildPhase section */

/* Begin PBXGroup section */
		5CB3FB9A2E30D2B90021E2EF = {
			isa = PBXGroup;
			children = (
				5CB3FBA52E30D2B90021E2EF /* IlkUygulamam */,
				5CB3FBBC2E30D2B90021E2EF /* IlkUygulamamTests */,
				5CB3FBC62E30D2B90021E2EF /* IlkUygulamamUITests */,
				5CB3FBA42E30D2B90021E2EF /* Products */,
			);
			sourceTree = "<group>";
		};
		5CB3FBA42E30D2B90021E2EF /* Products */ = {
			isa = PBXGroup;
			children = (
				5CB3FBA32E30D2B90021E2EF /* IlkUygulamam.app */,
				5CB3FBB92E30D2B90021E2EF /* IlkUygulamamTests.xctest */,
				5CB3FBC32E30D2B90021E2EF /* IlkUygulamamUITests.xctest */,
			);
			name = Products;
			sourceTree = "<group>";
		};
/* End PBXGroup section */

/* Begin PBXNativeTarget section */
		5CB3FBA22E30D2B90021E2EF /* IlkUygulamam */ = {
			isa = PBXNativeTarget;
			buildConfigurationList = 5CB3FBCC2E30D2B90021E2EF /* Build configuration list for PBXNativeTarget "IlkUygulamam" */;
			buildPhases = (
				5CB3FB9F2E30D2B90021E2EF /* Sources */,
				5CB3FBA02E30D2B90021E2EF /* Frameworks */,
				5CB3FBA12E30D2B90021E2EF /* Resources */,
			);
			buildRules = (
			);
			dependencies = (
			);
			fileSystemSynchronizedGroups = (
				5CB3FBA52E30D2B90021E2EF /* IlkUygulamam */,
			);
			name = IlkUygulamam;
			packageProductDependencies = (
			);
			productName = IlkUygulamam;
			productReference = 5CB3FBA32E30D2B90021E2EF /* IlkUygulamam.app */;
			productType = "com.apple.product-type.application";
		};
		5CB3FBB82E30D2B90021E2EF /* IlkUygulamamTests */ = {
			isa = PBXNativeTarget;
			buildConfigurationList = 5CB3FBD12E30D2B90021E2EF /* Build configuration list for PBXNativeTarget "IlkUygulamamTests" */;
			buildPhases = (
				5CB3FBB52E30D2B90021E2EF /* Sources */,
				5CB3FBB62E30D2B90021E2EF /* Frameworks */,
				5CB3FBB72E30D2B90021E2EF /* Resources */,
			);
			buildRules = (
			);
			dependencies = (
				5CB3FBBB2E30D2B90021E2EF /* PBXTargetDependency */,
			);
			fileSystemSynchronizedGroups = (
				5CB3FBBC2E30D2B90021E2EF /* IlkUygulamamTests */,
			);
			name = IlkUygulamamTests;
			packageProductDependencies = (
			);
			productName = IlkUygulamamTests;
			productReference = 5CB3FBB92E30D2B90021E2EF /* IlkUygulamamTests.xctest */;
			productType = "com.apple.product-type.bundle.unit-test";
		};
		5CB3FBC22E30D2B90021E2EF /* IlkUygulamamUITests */ = {
			isa = PBXNativeTarget;
			buildConfigurationList = 5CB3FBD42E30D2B90021E2EF /* Build configuration list for PBXNativeTarget "IlkUygulamamUITests" */;
			buildPhases = (
				5CB3FBBF2E30D2B90021E2EF /* Sources */,
				5CB3FBC02E30D2B90021E2EF /* Frameworks */,
				5CB3FBC12E30D2B90021E2EF /* Resources */,
			);
			buildRules = (
			);
			dependencies = (
				5CB3FBC52E30D2B90021E2EF /* PBXTargetDependency */,
			);
			fileSystemSynchronizedGroups = (
				5CB3FBC62E30D2B90021E2EF /* IlkUygulamamUITests */,
			);
			name = IlkUygulamamUITests;
			packageProductDependencies = (
			);
			productName = IlkUygulamamUITests;
			productReference = 5CB3FBC32E30D2B90021E2EF /* IlkUygulamamUITests.xctest */;
			productType = "com.apple.product-type.bundle.ui-testing";
		};
/* End PBXNativeTarget section */

/* Begin PBXProject section */
		5CB3FB9B2E30D2B90021E2EF /* Project object */ = {
			isa = PBXProject;
			attributes = {
				BuildIndependentTargetsInParallel = 1;
				LastSwiftUpdateCheck = 1640;
				LastUpgradeCheck = 1640;
				TargetAttributes = {
					5CB3FBA22E30D2B90021E2EF = {
						CreatedOnToolsVersion = 16.4;
					};
					5CB3FBB82E30D2B90021E2EF = {
						CreatedOnToolsVersion = 16.4;
						TestTargetID = 5CB3FBA22E30D2B90021E2EF;
					};
					5CB3FBC22E30D2B90021E2EF = {
						CreatedOnToolsVersion = 16.4;
						TestTargetID = 5CB3FBA22E30D2B90021E2EF;
					};
				};
			};
			buildConfigurationList = 5CB3FB9E2E30D2B90021E2EF /* Build configuration list for PBXProject "IlkUygulamam" */;
			developmentRegion = en;
			hasScannedForEncodings = 0;
			knownRegions = (
				en,
				Base,
			);
			mainGroup = 5CB3FB9A2E30D2B90021E2EF;
			minimizedProjectReferenceProxies = 1;
			preferredProjectObjectVersion = 77;
			productRefGroup = 5CB3FBA42E30D2B90021E2EF /* Products */;
			projectDirPath = "";
			projectRoot = "";
			targets = (
				5CB3FBA22E30D2B90021E2EF /* IlkUygulamam */,
				5CB3FBB82E30D2B90021E2EF /* IlkUygulamamTests */,
				5CB3FBC22E30D2B90021E2EF /* IlkUygulamamUITests */,
			);
		};
/* End PBXProject section */

/* Begin PBXResourcesBuildPhase section */
		5CB3FBA12E30D2B90021E2EF /* Resources */ = {
			isa = PBXResourcesBuildPhase;
			buildActionMask = 2147483647;
			files = (
			);
			runOnlyForDeploymentPostprocessing = 0;
		};
		5CB3FBB72E30D2B90021E2EF /* Resources */ = {
			isa = PBXResourcesBuildPhase;
			buildActionMask = 2147483647;
			files = (
			);
			runOnlyForDeploymentPostprocessing = 0;
		};
		5CB3FBC12E30D2B90021E2EF /* Resources */ = {
			isa = PBXResourcesBuildPhase;
			buildActionMask = 2147483647;
			files = (
			);
			runOnlyForDeploymentPostprocessing = 0;
		};
/* End PBXResourcesBuildPhase section */

/* Begin PBXSourcesBuildPhase section */
		5CB3FB9F2E30D2B90021E2EF /* Sources */ = {
			isa = PBXSourcesBuildPhase;
			buildActionMask = 2147483647;
			files = (
			);
			runOnlyForDeploymentPostprocessing = 0;
		};
		5CB3FBB52E30D2B90021E2EF /* Sources */ = {
			isa = PBXSourcesBuildPhase;
			buildActionMask = 2147483647;
			files = (
			);
			runOnlyForDeploymentPostprocessing = 0;
		};
		5CB3FBBF2E30D2B90021E2EF /* Sources */ = {
			isa = PBXSourcesBuildPhase;
			buildActionMask = 2147483647;
			files = (
			);
			runOnlyForDeploymentPostprocessing = 0;
		};
/* End PBXSourcesBuildPhase section */

/* Begin PBXTargetDependency section */
		5CB3FBBB2E30D2B90021E2EF /* PBXTargetDependency */ = {
			isa = PBXTargetDependency;
			target = 5CB3FBA22E30D2B90021E2EF /* IlkUygulamam */;
			targetProxy = 5CB3FBBA2E30D2B90021E2EF /* PBXContainerItemProxy */;
		};
		5CB3FBC52E30D2B90021E2EF /* PBXTargetDependency */ = {
			isa = PBXTargetDependency;
			target = 5CB3FBA22E30D2B90021E2EF /* IlkUygulamam */;
			targetProxy = 5CB3FBC42E30D2B90021E2EF /* PBXContainerItemProxy */;
		};
/* End PBXTargetDependency section */

/* Begin XCBuildConfiguration section */
		5CB3FBCD2E30D2B90021E2EF /* Debug */ = {
			isa = XCBuildConfiguration;
			buildSettings = {
				ASSETCATALOG_COMPILER_APPICON_NAME = AppIcon;
				ASSETCATALOG_COMPILER_GLOBAL_ACCENT_COLOR_NAME = AccentColor;
				CODE_SIGN_STYLE = Automatic;
				CURRENT_PROJECT_VERSION = 1;
				DEVELOPMENT_TEAM = BM54N534ZR;
				GENERATE_INFOPLIST_FILE = YES;
				INFOPLIST_FILE = IlkUygulamam/Info.plist;
				INFOPLIST_KEY_UIApplicationSupportsIndirectInputEvents = YES;
				INFOPLIST_KEY_UILaunchStoryboardName = LaunchScreen;
				INFOPLIST_KEY_UIMainStoryboardFile = Main;
				INFOPLIST_KEY_UISupportedInterfaceOrientations_iPad = "UIInterfaceOrientationPortrait UIInterfaceOrientationPortraitUpsideDown UIInterfaceOrientationLandscapeLeft UIInterfaceOrientationLandscapeRight";
				INFOPLIST_KEY_UISupportedInterfaceOrientations_iPhone = "UIInterfaceOrientationPortrait UIInterfaceOrientationLandscapeLeft UIInterfaceOrientationLandscapeRight";
				LD_RUNPATH_SEARCH_PATHS = (
					"$(inherited)",
					"@executable_path/Frameworks",
				);
				MARKETING_VERSION = 1.0;
				PRODUCT_BUNDLE_IDENTIFIER = com.ozlemcihan.IlkUygulamam;
				PRODUCT_NAME = "$(TARGET_NAME)";
				SWIFT_EMIT_LOC_STRINGS = YES;
				SWIFT_VERSION = 5.0;
				TARGETED_DEVICE_FAMILY = "1,2";
			};
			name = Debug;
		};
		5CB3FBCE2E30D2B90021E2EF /* Release */ = {
			isa = XCBuildConfiguration;
			buildSettings = {
				ASSETCATALOG_COMPILER_APPICON_NAME = AppIcon;
				ASSETCATALOG_COMPILER_GLOBAL_ACCENT_COLOR_NAME = AccentColor;
				CODE_SIGN_STYLE = Automatic;
				CURRENT_PROJECT_VERSION = 1;
				DEVELOPMENT_TEAM = BM54N534ZR;
				GENERATE_INFOPLIST_FILE = YES;
				INFOPLIST_FILE = IlkUygulamam/Info.plist;
				INFOPLIST_KEY_UIApplicationSupportsIndirectInputEvents = YES;
				INFOPLIST_KEY_UILaunchStoryboardName = LaunchScreen;
				INFOPLIST_KEY_UIMainStoryboardFile = Main;
				INFOPLIST_KEY_UISupportedInterfaceOrientations_iPad = "UIInterfaceOrientationPortrait UIInterfaceOrientationPortraitUpsideDown UIInterfaceOrientationLandscapeLeft UIInterfaceOrientationLandscapeRight";
				INFOPLIST_KEY_UISupportedInterfaceOrientations_iPhone = "UIInterfaceOrientationPortrait UIInterfaceOrientationLandscapeLeft UIInterfaceOrientationLandscapeRight";
				LD_RUNPATH_SEARCH_PATHS = (
					"$(inherited)",
					"@executable_path/Frameworks",
				);
				MARKETING_VERSION = 1.0;
				PRODUCT_BUNDLE_IDENTIFIER = com.ozlemcihan.IlkUygulamam;
				PRODUCT_NAME = "$(TARGET_NAME)";
				SWIFT_EMIT_LOC_STRINGS = YES;
				SWIFT_VERSION = 5.0;
				TARGETED_DEVICE_FAMILY = "1,2";
			};
			name = Release;
		};
		5CB3FBCF2E30D2B90021E2EF /* Debug */ = {
			isa = XCBuildConfiguration;
			buildSettings = {
				ALWAYS_SEARCH_USER_PATHS = NO;
				ASSETCATALOG_COMPILER_GENERATE_SWIFT_ASSET_SYMBOL_EXTENSIONS = YES;
				CLANG_ANALYZER_NONNULL = YES;
				CLANG_ANALYZER_NUMBER_OBJECT_CONVERSION = YES_AGGRESSIVE;
				CLANG_CXX_LANGUAGE_STANDARD = "gnu++20";
				CLANG_ENABLE_MODULES = YES;
				CLANG_ENABLE_OBJC_ARC = YES;
				CLANG_ENABLE_OBJC_WEAK = YES;
				CLANG_WARN_BLOCK_CAPTURE_AUTORELEASING = YES;
				CLANG_WARN_BOOL_CONVERSION = YES;
				CLANG_WARN_COMMA = YES;
				CLANG_WARN_CONSTANT_CONVERSION = YES;
				CLANG_WARN_DEPRECATED_OBJC_IMPLEMENTATIONS = YES;
				CLANG_WARN_DIRECT_OBJC_ISA_USAGE = YES_ERROR;
				CLANG_WARN_DOCUMENTATION_COMMENTS = YES;
				CLANG_WARN_EMPTY_BODY = YES;
				CLANG_WARN_ENUM_CONVERSION = YES;
				CLANG_WARN_INFINITE_RECURSION = YES;
				CLANG_WARN_INT_CONVERSION = YES;
				CLANG_WARN_NON_LITERAL_NULL_CONVERSION = YES;
				CLANG_WARN_OBJC_IMPLICIT_RETAIN_SELF = YES;
				CLANG_WARN_OBJC_LITERAL_CONVERSION = YES;
				CLANG_WARN_OBJC_ROOT_CLASS = YES_ERROR;
				CLANG_WARN_QUOTED_INCLUDE_IN_FRAMEWORK_HEADER = YES;
				CLANG_WARN_RANGE_LOOP_ANALYSIS = YES;
				CLANG_WARN_STRICT_PROTOTYPES = YES;
				CLANG_WARN_SUSPICIOUS_MOVE = YES;
				CLANG_WARN_UNGUARDED_AVAILABILITY = YES_AGGRESSIVE;
				CLANG_WARN_UNREACHABLE_CODE = YES;
				CLANG_WARN__DUPLICATE_METHOD_MATCH = YES;
				COPY_PHASE_STRIP = NO;
				DEBUG_INFORMATION_FORMAT = dwarf;
				DEVELOPMENT_TEAM = BM54N534ZR;
				ENABLE_STRICT_OBJC_MSGSEND = YES;
				ENABLE_TESTABILITY = YES;
				ENABLE_USER_SCRIPT_SANDBOXING = YES;
				GCC_C_LANGUAGE_STANDARD = gnu17;
				GCC_DYNAMIC_NO_PIC = NO;
				GCC_NO_COMMON_BLOCKS = YES;
				GCC_OPTIMIZATION_LEVEL = 0;
				GCC_PREPROCESSOR_DEFINITIONS = (
					"DEBUG=1",
					"$(inherited)",
				);
				GCC_WARN_64_TO_32_BIT_CONVERSION = YES;
				GCC_WARN_ABOUT_RETURN_TYPE = YES_ERROR;
				GCC_WARN_UNDECLARED_SELECTOR = YES;
				GCC_WARN_UNINITIALIZED_AUTOS = YES_AGGRESSIVE;
				GCC_WARN_UNUSED_FUNCTION = YES;
				GCC_WARN_UNUSED_VARIABLE = YES;
				IPHONEOS_DEPLOYMENT_TARGET = 18.5;
				LOCALIZATION_PREFERS_STRING_CATALOGS = YES;
				MTL_ENABLE_DEBUG_INFO = INCLUDE_SOURCE;
				MTL_FAST_MATH = YES;
				ONLY_ACTIVE_ARCH = YES;
				SDKROOT = iphoneos;
				SWIFT_ACTIVE_COMPILATION_CONDITIONS = "DEBUG $(inherited)";
				SWIFT_OPTIMIZATION_LEVEL = "-Onone";
			};
			name = Debug;
		};
		5CB3FBD02E30D2B90021E2EF /* Release */ = {
			isa = XCBuildConfiguration;
			buildSettings = {
				ALWAYS_SEARCH_USER_PATHS = NO;
				ASSETCATALOG_COMPILER_GENERATE_SWIFT_ASSET_SYMBOL_EXTENSIONS = YES;
				CLANG_ANALYZER_NONNULL = YES;
				CLANG_ANALYZER_NUMBER_OBJECT_CONVERSION = YES_AGGRESSIVE;
				CLANG_CXX_LANGUAGE_STANDARD = "gnu++20";
				CLANG_ENABLE_MODULES = YES;
				CLANG_ENABLE_OBJC_ARC = YES;
				CLANG_ENABLE_OBJC_WEAK = YES;
				CLANG_WARN_BLOCK_CAPTURE_AUTORELEASING = YES;
				CLANG_WARN_BOOL_CONVERSION = YES;
				CLANG_WARN_COMMA = YES;
				CLANG_WARN_CONSTANT_CONVERSION = YES;
				CLANG_WARN_DEPRECATED_OBJC_IMPLEMENTATIONS = YES;
				CLANG_WARN_DIRECT_OBJC_ISA_USAGE = YES_ERROR;
				CLANG_WARN_DOCUMENTATION_COMMENTS = YES;
				CLANG_WARN_EMPTY_BODY = YES;
				CLANG_WARN_ENUM_CONVERSION = YES;
				CLANG_WARN_INFINITE_RECURSION = YES;
				CLANG_WARN_INT_CONVERSION = YES;
				CLANG_WARN_NON_LITERAL_NULL_CONVERSION = YES;
				CLANG_WARN_OBJC_IMPLICIT_RETAIN_SELF = YES;
				CLANG_WARN_OBJC_LITERAL_CONVERSION = YES;
				CLANG_WARN_OBJC_ROOT_CLASS = YES_ERROR;
				CLANG_WARN_QUOTED_INCLUDE_IN_FRAMEWORK_HEADER = YES;
				CLANG_WARN_RANGE_LOOP_ANALYSIS = YES;
				CLANG_WARN_STRICT_PROTOTYPES = YES;
				CLANG_WARN_SUSPICIOUS_MOVE = YES;
				CLANG_WARN_UNGUARDED_AVAILABILITY = YES_AGGRESSIVE;
				CLANG_WARN_UNREACHABLE_CODE = YES;
				CLANG_WARN__DUPLICATE_METHOD_MATCH = YES;
				COPY_PHASE_STRIP = NO;
				DEBUG_INFORMATION_FORMAT = "dwarf-with-dsym";
				DEVELOPMENT_TEAM = BM54N534ZR;
				ENABLE_NS_ASSERTIONS = NO;
				ENABLE_STRICT_OBJC_MSGSEND = YES;
				ENABLE_USER_SCRIPT_SANDBOXING = YES;
				GCC_C_LANGUAGE_STANDARD = gnu17;
				GCC_NO_COMMON_BLOCKS = YES;
				GCC_WARN_64_TO_32_BIT_CONVERSION = YES;
				GCC_WARN_ABOUT_RETURN_TYPE = YES_ERROR;
				GCC_WARN_UNDECLARED_SELECTOR = YES;
				GCC_WARN_UNINITIALIZED_AUTOS = YES_AGGRESSIVE;
				GCC_WARN_UNUSED_FUNCTION = YES;
				GCC_WARN_UNUSED_VARIABLE = YES;
				IPHONEOS_DEPLOYMENT_TARGET = 18.5;
				LOCALIZATION_PREFERS_STRING_CATALOGS = YES;
				MTL_ENABLE_DEBUG_INFO = NO;
				MTL_FAST_MATH = YES;
				SDKROOT = iphoneos;
				SWIFT_COMPILATION_MODE = wholemodule;
				VALIDATE_PRODUCT = YES;
			};
			name = Release;
		};
		5CB3FBD22E30D2B90021E2EF /* Debug */ = {
			isa = XCBuildConfiguration;
			buildSettings = {
				BUNDLE_LOADER = "$(TEST_HOST)";
				CODE_SIGN_STYLE = Automatic;
				CURRENT_PROJECT_VERSION = 1;
				DEVELOPMENT_TEAM = BM54N534ZR;
				GENERATE_INFOPLIST_FILE = YES;
				IPHONEOS_DEPLOYMENT_TARGET = 18.5;
				MARKETING_VERSION = 1.0;
				PRODUCT_BUNDLE_IDENTIFIER = com.ozlemcihan.IlkUygulamamTests;
				PRODUCT_NAME = "$(TARGET_NAME)";
				SWIFT_EMIT_LOC_STRINGS = NO;
				SWIFT_VERSION = 5.0;
				TARGETED_DEVICE_FAMILY = "1,2";
				TEST_HOST = "$(BUILT_PRODUCTS_DIR)/IlkUygulamam.app/$(BUNDLE_EXECUTABLE_FOLDER_PATH)/IlkUygulamam";
			};
			name = Debug;
		};
		5CB3FBD32E30D2B90021E2EF /* Release */ = {
			isa = XCBuildConfiguration;
			buildSettings = {
				BUNDLE_LOADER = "$(TEST_HOST)";
				CODE_SIGN_STYLE = Automatic;
				CURRENT_PROJECT_VERSION = 1;
				DEVELOPMENT_TEAM = BM54N534ZR;
				GENERATE_INFOPLIST_FILE = YES;
				IPHONEOS_DEPLOYMENT_TARGET = 18.5;
				MARKETING_VERSION = 1.0;
				PRODUCT_BUNDLE_IDENTIFIER = com.ozlemcihan.IlkUygulamamTests;
				PRODUCT_NAME = "$(TARGET_NAME)";
				SWIFT_EMIT_LOC_STRINGS = NO;
				SWIFT_VERSION = 5.0;
				TARGETED_DEVICE_FAMILY = "1,2";
				TEST_HOST = "$(BUILT_PRODUCTS_DIR)/IlkUygulamam.app/$(BUNDLE_EXECUTABLE_FOLDER_PATH)/IlkUygulamam";
			};
			name = Release;
		};
		5CB3FBD52E30D2B90021E2EF /* Debug */ = {
			isa = XCBuildConfiguration;
			buildSettings = {
				CODE_SIGN_STYLE = Automatic;
				CURRENT_PROJECT_VERSION = 1;
				DEVELOPMENT_TEAM = BM54N534ZR;
				GENERATE_INFOPLIST_FILE = YES;
				MARKETING_VERSION = 1.0;
				PRODUCT_BUNDLE_IDENTIFIER = com.ozlemcihan.IlkUygulamamUITests;
				PRODUCT_NAME = "$(TARGET_NAME)";
				SWIFT_EMIT_LOC_STRINGS = NO;
				SWIFT_VERSION = 5.0;
				TARGETED_DEVICE_FAMILY = "1,2";
				TEST_TARGET_NAME = IlkUygulamam;
			};
			name = Debug;
		};
		5CB3FBD62E30D2B90021E2EF /* Release */ = {
			isa = XCBuildConfiguration;
			buildSettings = {
				CODE_SIGN_STYLE = Automatic;
				CURRENT_PROJECT_VERSION = 1;
				DEVELOPMENT_TEAM = BM54N534ZR;
				GENERATE_INFOPLIST_FILE = YES;
				MARKETING_VERSION = 1.0;
				PRODUCT_BUNDLE_IDENTIFIER = com.ozlemcihan.IlkUygulamamUITests;
				PRODUCT_NAME = "$(TARGET_NAME)";
				SWIFT_EMIT_LOC_STRINGS = NO;
				SWIFT_VERSION = 5.0;
				TARGETED_DEVICE_FAMILY = "1,2";
				TEST_TARGET_NAME = IlkUygulamam;
			};
			name = Release;
		};
/* End XCBuildConfiguration section */

/* Begin XCConfigurationList section */
		5CB3FB9E2E30D2B90021E2EF /* Build configuration list for PBXProject "IlkUygulamam" */ = {
			isa = XCConfigurationList;
			buildConfigurations = (
				5CB3FBCF2E30D2B90021E2EF /* Debug */,
				5CB3FBD02E30D2B90021E2EF /* Release */,
			);
			defaultConfigurationIsVisible = 0;
			defaultConfigurationName = Release;
		};
		5CB3FBCC2E30D2B90021E2EF /* Build configuration list for PBXNativeTarget "IlkUygulamam" */ = {
			isa = XCConfigurationList;
			buildConfigurations = (
				5CB3FBCD2E30D2B90021E2EF /* Debug */,
				5CB3FBCE2E30D2B90021E2EF /* Release */,
			);
			defaultConfigurationIsVisible = 0;
			defaultConfigurationName = Release;
		};
		5CB3FBD12E30D2B90021E2EF /* Build configuration list for PBXNativeTarget "IlkUygulamamTests" */ = {
			isa = XCConfigurationList;
			buildConfigurations = (
				5CB3FBD22E30D2B90021E2EF /* Debug */,
				5CB3FBD32E30D2B90021E2EF /* Release */,
			);
			defaultConfigurationIsVisible = 0;
			defaultConfigurationName = Release;
		};
		5CB3FBD42E30D2B90021E2EF /* Build configuration list for PBXNativeTarget "IlkUygulamamUITests" */ = {
			isa = XCConfigurationList;
			buildConfigurations = (
				5CB3FBD52E30D2B90021E2EF /* Debug */,
				5CB3FBD62E30D2B90021E2EF /* Release */,
			);
			defaultConfigurationIsVisible = 0;
			defaultConfigurationName = Release;
		};
/* End XCConfigurationList section */
	};
	rootObject = 5CB3FB9B2E30D2B90021E2EF /* Project object */;
}
