// !$*UTF8*$!
{
	archiveVersion = 1;
	classes = {
	};
	objectVersion = 77;
	objects = {

/* Begin PBXContainerItemProxy section */
		5CEB07782E3A12BF00ACC6E4 /* PBXContainerItemProxy */ = {
			isa = PBXContainerItemProxy;
			containerPortal = 5CEB07592E3A12BD00ACC6E4 /* Project object */;
			proxyType = 1;
			remoteGlobalIDString = 5CEB07602E3A12BD00ACC6E4;
			remoteInfo = JestAlgilayicilar;
		};
		5CEB07822E3A12BF00ACC6E4 /* PBXContainerItemProxy */ = {
			isa = PBXContainerItemProxy;
			containerPortal = 5CEB07592E3A12BD00ACC6E4 /* Project object */;
			proxyType = 1;
			remoteGlobalIDString = 5CEB07602E3A12BD00ACC6E4;
			remoteInfo = JestAlgilayicilar;
		};
/* End PBXContainerItemProxy section */

/* Begin PBXFileReference section */
		5CEB07612E3A12BD00ACC6E4 /* JestAlgilayicilar.app */ = {isa = PBXFileReference; explicitFileType = wrapper.application; includeInIndex = 0; path = JestAlgilayicilar.app; sourceTree = BUILT_PRODUCTS_DIR; };
		5CEB07772E3A12BF00ACC6E4 /* JestAlgilayicilarTests.xctest */ = {isa = PBXFileReference; explicitFileType = wrapper.cfbundle; includeInIndex = 0; path = JestAlgilayicilarTests.xctest; sourceTree = BUILT_PRODUCTS_DIR; };
		5CEB07812E3A12BF00ACC6E4 /* JestAlgilayicilarUITests.xctest */ = {isa = PBXFileReference; explicitFileType = wrapper.cfbundle; includeInIndex = 0; path = JestAlgilayicilarUITests.xctest; sourceTree = BUILT_PRODUCTS_DIR; };
/* End PBXFileReference section */

/* Begin PBXFileSystemSynchronizedBuildFileExceptionSet section */
		5CEB07892E3A12BF00ACC6E4 /* Exceptions for "JestAlgilayicilar" folder in "JestAlgilayicilar" target */ = {
			isa = PBXFileSystemSynchronizedBuildFileExceptionSet;
			membershipExceptions = (
				Info.plist,
			);
			target = 5CEB07602E3A12BD00ACC6E4 /* JestAlgilayicilar */;
		};
/* End PBXFileSystemSynchronizedBuildFileExceptionSet section */

/* Begin PBXFileSystemSynchronizedRootGroup section */
		5CEB07632E3A12BD00ACC6E4 /* JestAlgilayicilar */ = {
			isa = PBXFileSystemSynchronizedRootGroup;
			exceptions = (
				5CEB07892E3A12BF00ACC6E4 /* Exceptions for "JestAlgilayicilar" folder in "JestAlgilayicilar" target */,
			);
			path = JestAlgilayicilar;
			sourceTree = "<group>";
		};
		5CEB077A2E3A12BF00ACC6E4 /* JestAlgilayicilarTests */ = {
			isa = PBXFileSystemSynchronizedRootGroup;
			path = JestAlgilayicilarTests;
			sourceTree = "<group>";
		};
		5CEB07842E3A12BF00ACC6E4 /* JestAlgilayicilarUITests */ = {
			isa = PBXFileSystemSynchronizedRootGroup;
			path = JestAlgilayicilarUITests;
			sourceTree = "<group>";
		};
/* End PBXFileSystemSynchronizedRootGroup section */

/* Begin PBXFrameworksBuildPhase section */
		5CEB075E2E3A12BD00ACC6E4 /* Frameworks */ = {
			isa = PBXFrameworksBuildPhase;
			buildActionMask = 2147483647;
			files = (
			);
			runOnlyForDeploymentPostprocessing = 0;
		};
		5CEB07742E3A12BF00ACC6E4 /* Frameworks */ = {
			isa = PBXFrameworksBuildPhase;
			buildActionMask = 2147483647;
			files = (
			);
			runOnlyForDeploymentPostprocessing = 0;
		};
		5CEB077E2E3A12BF00ACC6E4 /* Frameworks */ = {
			isa = PBXFrameworksBuildPhase;
			buildActionMask = 2147483647;
			files = (
			);
			runOnlyForDeploymentPostprocessing = 0;
		};
/* End PBXFrameworksBuildPhase section */

/* Begin PBXGroup section */
		5CEB07582E3A12BD00ACC6E4 = {
			isa = PBXGroup;
			children = (
				5CEB07632E3A12BD00ACC6E4 /* JestAlgilayicilar */,
				5CEB077A2E3A12BF00ACC6E4 /* JestAlgilayicilarTests */,
				5CEB07842E3A12BF00ACC6E4 /* JestAlgilayicilarUITests */,
				5CEB07622E3A12BD00ACC6E4 /* Products */,
			);
			sourceTree = "<group>";
		};
		5CEB07622E3A12BD00ACC6E4 /* Products */ = {
			isa = PBXGroup;
			children = (
				5CEB07612E3A12BD00ACC6E4 /* JestAlgilayicilar.app */,
				5CEB07772E3A12BF00ACC6E4 /* JestAlgilayicilarTests.xctest */,
				5CEB07812E3A12BF00ACC6E4 /* JestAlgilayicilarUITests.xctest */,
			);
			name = Products;
			sourceTree = "<group>";
		};
/* End PBXGroup section */

/* Begin PBXNativeTarget section */
		5CEB07602E3A12BD00ACC6E4 /* JestAlgilayicilar */ = {
			isa = PBXNativeTarget;
			buildConfigurationList = 5CEB078A2E3A12BF00ACC6E4 /* Build configuration list for PBXNativeTarget "JestAlgilayicilar" */;
			buildPhases = (
				5CEB075D2E3A12BD00ACC6E4 /* Sources */,
				5CEB075E2E3A12BD00ACC6E4 /* Frameworks */,
				5CEB075F2E3A12BD00ACC6E4 /* Resources */,
			);
			buildRules = (
			);
			dependencies = (
			);
			fileSystemSynchronizedGroups = (
				5CEB07632E3A12BD00ACC6E4 /* JestAlgilayicilar */,
			);
			name = JestAlgilayicilar;
			packageProductDependencies = (
			);
			productName = JestAlgilayicilar;
			productReference = 5CEB07612E3A12BD00ACC6E4 /* JestAlgilayicilar.app */;
			productType = "com.apple.product-type.application";
		};
		5CEB07762E3A12BF00ACC6E4 /* JestAlgilayicilarTests */ = {
			isa = PBXNativeTarget;
			buildConfigurationList = 5CEB078F2E3A12BF00ACC6E4 /* Build configuration list for PBXNativeTarget "JestAlgilayicilarTests" */;
			buildPhases = (
				5CEB07732E3A12BF00ACC6E4 /* Sources */,
				5CEB07742E3A12BF00ACC6E4 /* Frameworks */,
				5CEB07752E3A12BF00ACC6E4 /* Resources */,
			);
			buildRules = (
			);
			dependencies = (
				5CEB07792E3A12BF00ACC6E4 /* PBXTargetDependency */,
			);
			fileSystemSynchronizedGroups = (
				5CEB077A2E3A12BF00ACC6E4 /* JestAlgilayicilarTests */,
			);
			name = JestAlgilayicilarTests;
			packageProductDependencies = (
			);
			productName = JestAlgilayicilarTests;
			productReference = 5CEB07772E3A12BF00ACC6E4 /* JestAlgilayicilarTests.xctest */;
			productType = "com.apple.product-type.bundle.unit-test";
		};
		5CEB07802E3A12BF00ACC6E4 /* JestAlgilayicilarUITests */ = {
			isa = PBXNativeTarget;
			buildConfigurationList = 5CEB07922E3A12BF00ACC6E4 /* Build configuration list for PBXNativeTarget "JestAlgilayicilarUITests" */;
			buildPhases = (
				5CEB077D2E3A12BF00ACC6E4 /* Sources */,
				5CEB077E2E3A12BF00ACC6E4 /* Frameworks */,
				5CEB077F2E3A12BF00ACC6E4 /* Resources */,
			);
			buildRules = (
			);
			dependencies = (
				5CEB07832E3A12BF00ACC6E4 /* PBXTargetDependency */,
			);
			fileSystemSynchronizedGroups = (
				5CEB07842E3A12BF00ACC6E4 /* JestAlgilayicilarUITests */,
			);
			name = JestAlgilayicilarUITests;
			packageProductDependencies = (
			);
			productName = JestAlgilayicilarUITests;
			productReference = 5CEB07812E3A12BF00ACC6E4 /* JestAlgilayicilarUITests.xctest */;
			productType = "com.apple.product-type.bundle.ui-testing";
		};
/* End PBXNativeTarget section */

/* Begin PBXProject section */
		5CEB07592E3A12BD00ACC6E4 /* Project object */ = {
			isa = PBXProject;
			attributes = {
				BuildIndependentTargetsInParallel = 1;
				LastSwiftUpdateCheck = 1640;
				LastUpgradeCheck = 1640;
				TargetAttributes = {
					5CEB07602E3A12BD00ACC6E4 = {
						CreatedOnToolsVersion = 16.4;
					};
					5CEB07762E3A12BF00ACC6E4 = {
						CreatedOnToolsVersion = 16.4;
						TestTargetID = 5CEB07602E3A12BD00ACC6E4;
					};
					5CEB07802E3A12BF00ACC6E4 = {
						CreatedOnToolsVersion = 16.4;
						TestTargetID = 5CEB07602E3A12BD00ACC6E4;
					};
				};
			};
			buildConfigurationList = 5CEB075C2E3A12BD00ACC6E4 /* Build configuration list for PBXProject "JestAlgilayicilar" */;
			developmentRegion = en;
			hasScannedForEncodings = 0;
			knownRegions = (
				en,
				Base,
			);
			mainGroup = 5CEB07582E3A12BD00ACC6E4;
			minimizedProjectReferenceProxies = 1;
			preferredProjectObjectVersion = 77;
			productRefGroup = 5CEB07622E3A12BD00ACC6E4 /* Products */;
			projectDirPath = "";
			projectRoot = "";
			targets = (
				5CEB07602E3A12BD00ACC6E4 /* JestAlgilayicilar */,
				5CEB07762E3A12BF00ACC6E4 /* JestAlgilayicilarTests */,
				5CEB07802E3A12BF00ACC6E4 /* JestAlgilayicilarUITests */,
			);
		};
/* End PBXProject section */

/* Begin PBXResourcesBuildPhase section */
		5CEB075F2E3A12BD00ACC6E4 /* Resources */ = {
			isa = PBXResourcesBuildPhase;
			buildActionMask = 2147483647;
			files = (
			);
			runOnlyForDeploymentPostprocessing = 0;
		};
		5CEB07752E3A12BF00ACC6E4 /* Resources */ = {
			isa = PBXResourcesBuildPhase;
			buildActionMask = 2147483647;
			files = (
			);
			runOnlyForDeploymentPostprocessing = 0;
		};
		5CEB077F2E3A12BF00ACC6E4 /* Resources */ = {
			isa = PBXResourcesBuildPhase;
			buildActionMask = 2147483647;
			files = (
			);
			runOnlyForDeploymentPostprocessing = 0;
		};
/* End PBXResourcesBuildPhase section */

/* Begin PBXSourcesBuildPhase section */
		5CEB075D2E3A12BD00ACC6E4 /* Sources */ = {
			isa = PBXSourcesBuildPhase;
			buildActionMask = 2147483647;
			files = (
			);
			runOnlyForDeploymentPostprocessing = 0;
		};
		5CEB07732E3A12BF00ACC6E4 /* Sources */ = {
			isa = PBXSourcesBuildPhase;
			buildActionMask = 2147483647;
			files = (
			);
			runOnlyForDeploymentPostprocessing = 0;
		};
		5CEB077D2E3A12BF00ACC6E4 /* Sources */ = {
			isa = PBXSourcesBuildPhase;
			buildActionMask = 2147483647;
			files = (
			);
			runOnlyForDeploymentPostprocessing = 0;
		};
/* End PBXSourcesBuildPhase section */

/* Begin PBXTargetDependency section */
		5CEB07792E3A12BF00ACC6E4 /* PBXTargetDependency */ = {
			isa = PBXTargetDependency;
			target = 5CEB07602E3A12BD00ACC6E4 /* JestAlgilayicilar */;
			targetProxy = 5CEB07782E3A12BF00ACC6E4 /* PBXContainerItemProxy */;
		};
		5CEB07832E3A12BF00ACC6E4 /* PBXTargetDependency */ = {
			isa = PBXTargetDependency;
			target = 5CEB07602E3A12BD00ACC6E4 /* JestAlgilayicilar */;
			targetProxy = 5CEB07822E3A12BF00ACC6E4 /* PBXContainerItemProxy */;
		};
/* End PBXTargetDependency section */

/* Begin XCBuildConfiguration section */
		5CEB078B2E3A12BF00ACC6E4 /* Debug */ = {
			isa = XCBuildConfiguration;
			buildSettings = {
				ASSETCATALOG_COMPILER_APPICON_NAME = AppIcon;
				ASSETCATALOG_COMPILER_GLOBAL_ACCENT_COLOR_NAME = AccentColor;
				CODE_SIGN_STYLE = Automatic;
				CURRENT_PROJECT_VERSION = 1;
				DEVELOPMENT_TEAM = BM54N534ZR;
				GENERATE_INFOPLIST_FILE = YES;
				INFOPLIST_FILE = JestAlgilayicilar/Info.plist;
				INFOPLIST_KEY_UIApplicationSupportsIndirectInputEvents = YES;
				INFOPLIST_KEY_UILaunchStoryboardName = LaunchScreen;
				INFOPLIST_KEY_UIMainStoryboardFile = Main;
				INFOPLIST_KEY_UISupportedInterfaceOrientations_iPad = "UIInterfaceOrientationPortrait UIInterfaceOrientationPortraitUpsideDown UIInterfaceOrientationLandscapeLeft UIInterfaceOrientationLandscapeRight";
				INFOPLIST_KEY_UISupportedInterfaceOrientations_iPhone = "UIInterfaceOrientationPortrait UIInterfaceOrientationLandscapeLeft UIInterfaceOrientationLandscapeRight";
				LD_RUNPATH_SEARCH_PATHS = (
					"$(inherited)",
					"@executable_path/Frameworks",
				);
				MARKETING_VERSION = 1.0;
				PRODUCT_BUNDLE_IDENTIFIER = com.ozlemcihan.JestAlgilayicilar;
				PRODUCT_NAME = "$(TARGET_NAME)";
				SWIFT_EMIT_LOC_STRINGS = YES;
				SWIFT_VERSION = 5.0;
				TARGETED_DEVICE_FAMILY = "1,2";
			};
			name = Debug;
		};
		5CEB078C2E3A12BF00ACC6E4 /* Release */ = {
			isa = XCBuildConfiguration;
			buildSettings = {
				ASSETCATALOG_COMPILER_APPICON_NAME = AppIcon;
				ASSETCATALOG_COMPILER_GLOBAL_ACCENT_COLOR_NAME = AccentColor;
				CODE_SIGN_STYLE = Automatic;
				CURRENT_PROJECT_VERSION = 1;
				DEVELOPMENT_TEAM = BM54N534ZR;
				GENERATE_INFOPLIST_FILE = YES;
				INFOPLIST_FILE = JestAlgilayicilar/Info.plist;
				INFOPLIST_KEY_UIApplicationSupportsIndirectInputEvents = YES;
				INFOPLIST_KEY_UILaunchStoryboardName = LaunchScreen;
				INFOPLIST_KEY_UIMainStoryboardFile = Main;
				INFOPLIST_KEY_UISupportedInterfaceOrientations_iPad = "UIInterfaceOrientationPortrait UIInterfaceOrientationPortraitUpsideDown UIInterfaceOrientationLandscapeLeft UIInterfaceOrientationLandscapeRight";
				INFOPLIST_KEY_UISupportedInterfaceOrientations_iPhone = "UIInterfaceOrientationPortrait UIInterfaceOrientationLandscapeLeft UIInterfaceOrientationLandscapeRight";
				LD_RUNPATH_SEARCH_PATHS = (
					"$(inherited)",
					"@executable_path/Frameworks",
				);
				MARKETING_VERSION = 1.0;
				PRODUCT_BUNDLE_IDENTIFIER = com.ozlemcihan.JestAlgilayicilar;
				PRODUCT_NAME = "$(TARGET_NAME)";
				SWIFT_EMIT_LOC_STRINGS = YES;
				SWIFT_VERSION = 5.0;
				TARGETED_DEVICE_FAMILY = "1,2";
			};
			name = Release;
		};
		5CEB078D2E3A12BF00ACC6E4 /* Debug */ = {
			isa = XCBuildConfiguration;
			buildSettings = {
				ALWAYS_SEARCH_USER_PATHS = NO;
				ASSETCATALOG_COMPILER_GENERATE_SWIFT_ASSET_SYMBOL_EXTENSIONS = YES;
				CLANG_ANALYZER_NONNULL = YES;
				CLANG_ANALYZER_NUMBER_OBJECT_CONVERSION = YES_AGGRESSIVE;
				CLANG_CXX_LANGUAGE_STANDARD = "gnu++20";
				CLANG_ENABLE_MODULES = YES;
				CLANG_ENABLE_OBJC_ARC = YES;
				CLANG_ENABLE_OBJC_WEAK = YES;
				CLANG_WARN_BLOCK_CAPTURE_AUTORELEASING = YES;
				CLANG_WARN_BOOL_CONVERSION = YES;
				CLANG_WARN_COMMA = YES;
				CLANG_WARN_CONSTANT_CONVERSION = YES;
				CLANG_WARN_DEPRECATED_OBJC_IMPLEMENTATIONS = YES;
				CLANG_WARN_DIRECT_OBJC_ISA_USAGE = YES_ERROR;
				CLANG_WARN_DOCUMENTATION_COMMENTS = YES;
				CLANG_WARN_EMPTY_BODY = YES;
				CLANG_WARN_ENUM_CONVERSION = YES;
				CLANG_WARN_INFINITE_RECURSION = YES;
				CLANG_WARN_INT_CONVERSION = YES;
				CLANG_WARN_NON_LITERAL_NULL_CONVERSION = YES;
				CLANG_WARN_OBJC_IMPLICIT_RETAIN_SELF = YES;
				CLANG_WARN_OBJC_LITERAL_CONVERSION = YES;
				CLANG_WARN_OBJC_ROOT_CLASS = YES_ERROR;
				CLANG_WARN_QUOTED_INCLUDE_IN_FRAMEWORK_HEADER = YES;
				CLANG_WARN_RANGE_LOOP_ANALYSIS = YES;
				CLANG_WARN_STRICT_PROTOTYPES = YES;
				CLANG_WARN_SUSPICIOUS_MOVE = YES;
				CLANG_WARN_UNGUARDED_AVAILABILITY = YES_AGGRESSIVE;
				CLANG_WARN_UNREACHABLE_CODE = YES;
				CLANG_WARN__DUPLICATE_METHOD_MATCH = YES;
				COPY_PHASE_STRIP = NO;
				DEBUG_INFORMATION_FORMAT = dwarf;
				DEVELOPMENT_TEAM = BM54N534ZR;
				ENABLE_STRICT_OBJC_MSGSEND = YES;
				ENABLE_TESTABILITY = YES;
				ENABLE_USER_SCRIPT_SANDBOXING = YES;
				GCC_C_LANGUAGE_STANDARD = gnu17;
				GCC_DYNAMIC_NO_PIC = NO;
				GCC_NO_COMMON_BLOCKS = YES;
				GCC_OPTIMIZATION_LEVEL = 0;
				GCC_PREPROCESSOR_DEFINITIONS = (
					"DEBUG=1",
					"$(inherited)",
				);
				GCC_WARN_64_TO_32_BIT_CONVERSION = YES;
				GCC_WARN_ABOUT_RETURN_TYPE = YES_ERROR;
				GCC_WARN_UNDECLARED_SELECTOR = YES;
				GCC_WARN_UNINITIALIZED_AUTOS = YES_AGGRESSIVE;
				GCC_WARN_UNUSED_FUNCTION = YES;
				GCC_WARN_UNUSED_VARIABLE = YES;
				IPHONEOS_DEPLOYMENT_TARGET = 18.5;
				LOCALIZATION_PREFERS_STRING_CATALOGS = YES;
				MTL_ENABLE_DEBUG_INFO = INCLUDE_SOURCE;
				MTL_FAST_MATH = YES;
				ONLY_ACTIVE_ARCH = YES;
				SDKROOT = iphoneos;
				SWIFT_ACTIVE_COMPILATION_CONDITIONS = "DEBUG $(inherited)";
				SWIFT_OPTIMIZATION_LEVEL = "-Onone";
			};
			name = Debug;
		};
		5CEB078E2E3A12BF00ACC6E4 /* Release */ = {
			isa = XCBuildConfiguration;
			buildSettings = {
				ALWAYS_SEARCH_USER_PATHS = NO;
				ASSETCATALOG_COMPILER_GENERATE_SWIFT_ASSET_SYMBOL_EXTENSIONS = YES;
				CLANG_ANALYZER_NONNULL = YES;
				CLANG_ANALYZER_NUMBER_OBJECT_CONVERSION = YES_AGGRESSIVE;
				CLANG_CXX_LANGUAGE_STANDARD = "gnu++20";
				CLANG_ENABLE_MODULES = YES;
				CLANG_ENABLE_OBJC_ARC = YES;
				CLANG_ENABLE_OBJC_WEAK = YES;
				CLANG_WARN_BLOCK_CAPTURE_AUTORELEASING = YES;
				CLANG_WARN_BOOL_CONVERSION = YES;
				CLANG_WARN_COMMA = YES;
				CLANG_WARN_CONSTANT_CONVERSION = YES;
				CLANG_WARN_DEPRECATED_OBJC_IMPLEMENTATIONS = YES;
				CLANG_WARN_DIRECT_OBJC_ISA_USAGE = YES_ERROR;
				CLANG_WARN_DOCUMENTATION_COMMENTS = YES;
				CLANG_WARN_EMPTY_BODY = YES;
				CLANG_WARN_ENUM_CONVERSION = YES;
				CLANG_WARN_INFINITE_RECURSION = YES;
				CLANG_WARN_INT_CONVERSION = YES;
				CLANG_WARN_NON_LITERAL_NULL_CONVERSION = YES;
				CLANG_WARN_OBJC_IMPLICIT_RETAIN_SELF = YES;
				CLANG_WARN_OBJC_LITERAL_CONVERSION = YES;
				CLANG_WARN_OBJC_ROOT_CLASS = YES_ERROR;
				CLANG_WARN_QUOTED_INCLUDE_IN_FRAMEWORK_HEADER = YES;
				CLANG_WARN_RANGE_LOOP_ANALYSIS = YES;
				CLANG_WARN_STRICT_PROTOTYPES = YES;
				CLANG_WARN_SUSPICIOUS_MOVE = YES;
				CLANG_WARN_UNGUARDED_AVAILABILITY = YES_AGGRESSIVE;
				CLANG_WARN_UNREACHABLE_CODE = YES;
				CLANG_WARN__DUPLICATE_METHOD_MATCH = YES;
				COPY_PHASE_STRIP = NO;
				DEBUG_INFORMATION_FORMAT = "dwarf-with-dsym";
				DEVELOPMENT_TEAM = BM54N534ZR;
				ENABLE_NS_ASSERTIONS = NO;
				ENABLE_STRICT_OBJC_MSGSEND = YES;
				ENABLE_USER_SCRIPT_SANDBOXING = YES;
				GCC_C_LANGUAGE_STANDARD = gnu17;
				GCC_NO_COMMON_BLOCKS = YES;
				GCC_WARN_64_TO_32_BIT_CONVERSION = YES;
				GCC_WARN_ABOUT_RETURN_TYPE = YES_ERROR;
				GCC_WARN_UNDECLARED_SELECTOR = YES;
				GCC_WARN_UNINITIALIZED_AUTOS = YES_AGGRESSIVE;
				GCC_WARN_UNUSED_FUNCTION = YES;
				GCC_WARN_UNUSED_VARIABLE = YES;
				IPHONEOS_DEPLOYMENT_TARGET = 18.5;
				LOCALIZATION_PREFERS_STRING_CATALOGS = YES;
				MTL_ENABLE_DEBUG_INFO = NO;
				MTL_FAST_MATH = YES;
				SDKROOT = iphoneos;
				SWIFT_COMPILATION_MODE = wholemodule;
				VALIDATE_PRODUCT = YES;
			};
			name = Release;
		};
		5CEB07902E3A12BF00ACC6E4 /* Debug */ = {
			isa = XCBuildConfiguration;
			buildSettings = {
				BUNDLE_LOADER = "$(TEST_HOST)";
				CODE_SIGN_STYLE = Automatic;
				CURRENT_PROJECT_VERSION = 1;
				DEVELOPMENT_TEAM = BM54N534ZR;
				GENERATE_INFOPLIST_FILE = YES;
				IPHONEOS_DEPLOYMENT_TARGET = 18.5;
				MARKETING_VERSION = 1.0;
				PRODUCT_BUNDLE_IDENTIFIER = com.ozlemcihan.JestAlgilayicilarTests;
				PRODUCT_NAME = "$(TARGET_NAME)";
				SWIFT_EMIT_LOC_STRINGS = NO;
				SWIFT_VERSION = 5.0;
				TARGETED_DEVICE_FAMILY = "1,2";
				TEST_HOST = "$(BUILT_PRODUCTS_DIR)/JestAlgilayicilar.app/$(BUNDLE_EXECUTABLE_FOLDER_PATH)/JestAlgilayicilar";
			};
			name = Debug;
		};
		5CEB07912E3A12BF00ACC6E4 /* Release */ = {
			isa = XCBuildConfiguration;
			buildSettings = {
				BUNDLE_LOADER = "$(TEST_HOST)";
				CODE_SIGN_STYLE = Automatic;
				CURRENT_PROJECT_VERSION = 1;
				DEVELOPMENT_TEAM = BM54N534ZR;
				GENERATE_INFOPLIST_FILE = YES;
				IPHONEOS_DEPLOYMENT_TARGET = 18.5;
				MARKETING_VERSION = 1.0;
				PRODUCT_BUNDLE_IDENTIFIER = com.ozlemcihan.JestAlgilayicilarTests;
				PRODUCT_NAME = "$(TARGET_NAME)";
				SWIFT_EMIT_LOC_STRINGS = NO;
				SWIFT_VERSION = 5.0;
				TARGETED_DEVICE_FAMILY = "1,2";
				TEST_HOST = "$(BUILT_PRODUCTS_DIR)/JestAlgilayicilar.app/$(BUNDLE_EXECUTABLE_FOLDER_PATH)/JestAlgilayicilar";
			};
			name = Release;
		};
		5CEB07932E3A12BF00ACC6E4 /* Debug */ = {
			isa = XCBuildConfiguration;
			buildSettings = {
				CODE_SIGN_STYLE = Automatic;
				CURRENT_PROJECT_VERSION = 1;
				DEVELOPMENT_TEAM = BM54N534ZR;
				GENERATE_INFOPLIST_FILE = YES;
				MARKETING_VERSION = 1.0;
				PRODUCT_BUNDLE_IDENTIFIER = com.ozlemcihan.JestAlgilayicilarUITests;
				PRODUCT_NAME = "$(TARGET_NAME)";
				SWIFT_EMIT_LOC_STRINGS = NO;
				SWIFT_VERSION = 5.0;
				TARGETED_DEVICE_FAMILY = "1,2";
				TEST_TARGET_NAME = JestAlgilayicilar;
			};
			name = Debug;
		};
		5CEB07942E3A12BF00ACC6E4 /* Release */ = {
			isa = XCBuildConfiguration;
			buildSettings = {
				CODE_SIGN_STYLE = Automatic;
				CURRENT_PROJECT_VERSION = 1;
				DEVELOPMENT_TEAM = BM54N534ZR;
				GENERATE_INFOPLIST_FILE = YES;
				MARKETING_VERSION = 1.0;
				PRODUCT_BUNDLE_IDENTIFIER = com.ozlemcihan.JestAlgilayicilarUITests;
				PRODUCT_NAME = "$(TARGET_NAME)";
				SWIFT_EMIT_LOC_STRINGS = NO;
				SWIFT_VERSION = 5.0;
				TARGETED_DEVICE_FAMILY = "1,2";
				TEST_TARGET_NAME = JestAlgilayicilar;
			};
			name = Release;
		};
/* End XCBuildConfiguration section */

/* Begin XCConfigurationList section */
		5CEB075C2E3A12BD00ACC6E4 /* Build configuration list for PBXProject "JestAlgilayicilar" */ = {
			isa = XCConfigurationList;
			buildConfigurations = (
				5CEB078D2E3A12BF00ACC6E4 /* Debug */,
				5CEB078E2E3A12BF00ACC6E4 /* Release */,
			);
			defaultConfigurationIsVisible = 0;
			defaultConfigurationName = Release;
		};
		5CEB078A2E3A12BF00ACC6E4 /* Build configuration list for PBXNativeTarget "JestAlgilayicilar" */ = {
			isa = XCConfigurationList;
			buildConfigurations = (
				5CEB078B2E3A12BF00ACC6E4 /* Debug */,
				5CEB078C2E3A12BF00ACC6E4 /* Release */,
			);
			defaultConfigurationIsVisible = 0;
			defaultConfigurationName = Release;
		};
		5CEB078F2E3A12BF00ACC6E4 /* Build configuration list for PBXNativeTarget "JestAlgilayicilarTests" */ = {
			isa = XCConfigurationList;
			buildConfigurations = (
				5CEB07902E3A12BF00ACC6E4 /* Debug */,
				5CEB07912E3A12BF00ACC6E4 /* Release */,
			);
			defaultConfigurationIsVisible = 0;
			defaultConfigurationName = Release;
		};
		5CEB07922E3A12BF00ACC6E4 /* Build configuration list for PBXNativeTarget "JestAlgilayicilarUITests" */ = {
			isa = XCConfigurationList;
			buildConfigurations = (
				5CEB07932E3A12BF00ACC6E4 /* Debug */,
				5CEB07942E3A12BF00ACC6E4 /* Release */,
			);
			defaultConfigurationIsVisible = 0;
			defaultConfigurationName = Release;
		};
/* End XCConfigurationList section */
	};
	rootObject = 5CEB07592E3A12BD00ACC6E4 /* Project object */;
}
