// !$*UTF8*$!
{
	archiveVersion = 1;
	classes = {
	};
	objectVersion = 77;
	objects = {

/* Begin PBXContainerItemProxy section */
		5C831B042E38DAC900D8CFAA /* PBXContainerItemProxy */ = {
			isa = PBXContainerItemProxy;
			containerPortal = 5C831AE52E38DAC800D8CFAA /* Project object */;
			proxyType = 1;
			remoteGlobalIDString = 5C831AEC2E38DAC800D8CFAA;
			remoteInfo = UyariMesajlari;
		};
		5C831B0E2E38DAC900D8CFAA /* PBXContainerItemProxy */ = {
			isa = PBXContainerItemProxy;
			containerPortal = 5C831AE52E38DAC800D8CFAA /* Project object */;
			proxyType = 1;
			remoteGlobalIDString = 5C831AEC2E38DAC800D8CFAA;
			remoteInfo = UyariMesajlari;
		};
/* End PBXContainerItemProxy section */

/* Begin PBXFileReference section */
		5C831AED2E38DAC800D8CFAA /* UyariMesajlari.app */ = {isa = PBXFileReference; explicitFileType = wrapper.application; includeInIndex = 0; path = UyariMesajlari.app; sourceTree = BUILT_PRODUCTS_DIR; };
		5C831B032E38DAC900D8CFAA /* UyariMesajlariTests.xctest */ = {isa = PBXFileReference; explicitFileType = wrapper.cfbundle; includeInIndex = 0; path = UyariMesajlariTests.xctest; sourceTree = BUILT_PRODUCTS_DIR; };
		5C831B0D2E38DAC900D8CFAA /* UyariMesajlariUITests.xctest */ = {isa = PBXFileReference; explicitFileType = wrapper.cfbundle; includeInIndex = 0; path = UyariMesajlariUITests.xctest; sourceTree = BUILT_PRODUCTS_DIR; };
/* End PBXFileReference section */

/* Begin PBXFileSystemSynchronizedBuildFileExceptionSet section */
		5C831B152E38DAC900D8CFAA /* Exceptions for "UyariMesajlari" folder in "UyariMesajlari" target */ = {
			isa = PBXFileSystemSynchronizedBuildFileExceptionSet;
			membershipExceptions = (
				Info.plist,
			);
			target = 5C831AEC2E38DAC800D8CFAA /* UyariMesajlari */;
		};
/* End PBXFileSystemSynchronizedBuildFileExceptionSet section */

/* Begin PBXFileSystemSynchronizedRootGroup section */
		5C831AEF2E38DAC800D8CFAA /* UyariMesajlari */ = {
			isa = PBXFileSystemSynchronizedRootGroup;
			exceptions = (
				5C831B152E38DAC900D8CFAA /* Exceptions for "UyariMesajlari" folder in "UyariMesajlari" target */,
			);
			path = UyariMesajlari;
			sourceTree = "<group>";
		};
		5C831B062E38DAC900D8CFAA /* UyariMesajlariTests */ = {
			isa = PBXFileSystemSynchronizedRootGroup;
			path = UyariMesajlariTests;
			sourceTree = "<group>";
		};
		5C831B102E38DAC900D8CFAA /* UyariMesajlariUITests */ = {
			isa = PBXFileSystemSynchronizedRootGroup;
			path = UyariMesajlariUITests;
			sourceTree = "<group>";
		};
/* End PBXFileSystemSynchronizedRootGroup section */

/* Begin PBXFrameworksBuildPhase section */
		5C831AEA2E38DAC800D8CFAA /* Frameworks */ = {
			isa = PBXFrameworksBuildPhase;
			buildActionMask = 2147483647;
			files = (
			);
			runOnlyForDeploymentPostprocessing = 0;
		};
		5C831B002E38DAC900D8CFAA /* Frameworks */ = {
			isa = PBXFrameworksBuildPhase;
			buildActionMask = 2147483647;
			files = (
			);
			runOnlyForDeploymentPostprocessing = 0;
		};
		5C831B0A2E38DAC900D8CFAA /* Frameworks */ = {
			isa = PBXFrameworksBuildPhase;
			buildActionMask = 2147483647;
			files = (
			);
			runOnlyForDeploymentPostprocessing = 0;
		};
/* End PBXFrameworksBuildPhase section */

/* Begin PBXGroup section */
		5C831AE42E38DAC800D8CFAA = {
			isa = PBXGroup;
			children = (
				5C831AEF2E38DAC800D8CFAA /* UyariMesajlari */,
				5C831B062E38DAC900D8CFAA /* UyariMesajlariTests */,
				5C831B102E38DAC900D8CFAA /* UyariMesajlariUITests */,
				5C831AEE2E38DAC800D8CFAA /* Products */,
			);
			sourceTree = "<group>";
		};
		5C831AEE2E38DAC800D8CFAA /* Products */ = {
			isa = PBXGroup;
			children = (
				5C831AED2E38DAC800D8CFAA /* UyariMesajlari.app */,
				5C831B032E38DAC900D8CFAA /* UyariMesajlariTests.xctest */,
				5C831B0D2E38DAC900D8CFAA /* UyariMesajlariUITests.xctest */,
			);
			name = Products;
			sourceTree = "<group>";
		};
/* End PBXGroup section */

/* Begin PBXNativeTarget section */
		5C831AEC2E38DAC800D8CFAA /* UyariMesajlari */ = {
			isa = PBXNativeTarget;
			buildConfigurationList = 5C831B162E38DAC900D8CFAA /* Build configuration list for PBXNativeTarget "UyariMesajlari" */;
			buildPhases = (
				5C831AE92E38DAC800D8CFAA /* Sources */,
				5C831AEA2E38DAC800D8CFAA /* Frameworks */,
				5C831AEB2E38DAC800D8CFAA /* Resources */,
			);
			buildRules = (
			);
			dependencies = (
			);
			fileSystemSynchronizedGroups = (
				5C831AEF2E38DAC800D8CFAA /* UyariMesajlari */,
			);
			name = UyariMesajlari;
			packageProductDependencies = (
			);
			productName = UyariMesajlari;
			productReference = 5C831AED2E38DAC800D8CFAA /* UyariMesajlari.app */;
			productType = "com.apple.product-type.application";
		};
		5C831B022E38DAC900D8CFAA /* UyariMesajlariTests */ = {
			isa = PBXNativeTarget;
			buildConfigurationList = 5C831B1B2E38DAC900D8CFAA /* Build configuration list for PBXNativeTarget "UyariMesajlariTests" */;
			buildPhases = (
				5C831AFF2E38DAC900D8CFAA /* Sources */,
				5C831B002E38DAC900D8CFAA /* Frameworks */,
				5C831B012E38DAC900D8CFAA /* Resources */,
			);
			buildRules = (
			);
			dependencies = (
				5C831B052E38DAC900D8CFAA /* PBXTargetDependency */,
			);
			fileSystemSynchronizedGroups = (
				5C831B062E38DAC900D8CFAA /* UyariMesajlariTests */,
			);
			name = UyariMesajlariTests;
			packageProductDependencies = (
			);
			productName = UyariMesajlariTests;
			productReference = 5C831B032E38DAC900D8CFAA /* UyariMesajlariTests.xctest */;
			productType = "com.apple.product-type.bundle.unit-test";
		};
		5C831B0C2E38DAC900D8CFAA /* UyariMesajlariUITests */ = {
			isa = PBXNativeTarget;
			buildConfigurationList = 5C831B1E2E38DAC900D8CFAA /* Build configuration list for PBXNativeTarget "UyariMesajlariUITests" */;
			buildPhases = (
				5C831B092E38DAC900D8CFAA /* Sources */,
				5C831B0A2E38DAC900D8CFAA /* Frameworks */,
				5C831B0B2E38DAC900D8CFAA /* Resources */,
			);
			buildRules = (
			);
			dependencies = (
				5C831B0F2E38DAC900D8CFAA /* PBXTargetDependency */,
			);
			fileSystemSynchronizedGroups = (
				5C831B102E38DAC900D8CFAA /* UyariMesajlariUITests */,
			);
			name = UyariMesajlariUITests;
			packageProductDependencies = (
			);
			productName = UyariMesajlariUITests;
			productReference = 5C831B0D2E38DAC900D8CFAA /* UyariMesajlariUITests.xctest */;
			productType = "com.apple.product-type.bundle.ui-testing";
		};
/* End PBXNativeTarget section */

/* Begin PBXProject section */
		5C831AE52E38DAC800D8CFAA /* Project object */ = {
			isa = PBXProject;
			attributes = {
				BuildIndependentTargetsInParallel = 1;
				LastSwiftUpdateCheck = 1640;
				LastUpgradeCheck = 1640;
				TargetAttributes = {
					5C831AEC2E38DAC800D8CFAA = {
						CreatedOnToolsVersion = 16.4;
					};
					5C831B022E38DAC900D8CFAA = {
						CreatedOnToolsVersion = 16.4;
						TestTargetID = 5C831AEC2E38DAC800D8CFAA;
					};
					5C831B0C2E38DAC900D8CFAA = {
						CreatedOnToolsVersion = 16.4;
						TestTargetID = 5C831AEC2E38DAC800D8CFAA;
					};
				};
			};
			buildConfigurationList = 5C831AE82E38DAC800D8CFAA /* Build configuration list for PBXProject "UyariMesajlari" */;
			developmentRegion = en;
			hasScannedForEncodings = 0;
			knownRegions = (
				en,
				Base,
			);
			mainGroup = 5C831AE42E38DAC800D8CFAA;
			minimizedProjectReferenceProxies = 1;
			preferredProjectObjectVersion = 77;
			productRefGroup = 5C831AEE2E38DAC800D8CFAA /* Products */;
			projectDirPath = "";
			projectRoot = "";
			targets = (
				5C831AEC2E38DAC800D8CFAA /* UyariMesajlari */,
				5C831B022E38DAC900D8CFAA /* UyariMesajlariTests */,
				5C831B0C2E38DAC900D8CFAA /* UyariMesajlariUITests */,
			);
		};
/* End PBXProject section */

/* Begin PBXResourcesBuildPhase section */
		5C831AEB2E38DAC800D8CFAA /* Resources */ = {
			isa = PBXResourcesBuildPhase;
			buildActionMask = 2147483647;
			files = (
			);
			runOnlyForDeploymentPostprocessing = 0;
		};
		5C831B012E38DAC900D8CFAA /* Resources */ = {
			isa = PBXResourcesBuildPhase;
			buildActionMask = 2147483647;
			files = (
			);
			runOnlyForDeploymentPostprocessing = 0;
		};
		5C831B0B2E38DAC900D8CFAA /* Resources */ = {
			isa = PBXResourcesBuildPhase;
			buildActionMask = 2147483647;
			files = (
			);
			runOnlyForDeploymentPostprocessing = 0;
		};
/* End PBXResourcesBuildPhase section */

/* Begin PBXSourcesBuildPhase section */
		5C831AE92E38DAC800D8CFAA /* Sources */ = {
			isa = PBXSourcesBuildPhase;
			buildActionMask = 2147483647;
			files = (
			);
			runOnlyForDeploymentPostprocessing = 0;
		};
		5C831AFF2E38DAC900D8CFAA /* Sources */ = {
			isa = PBXSourcesBuildPhase;
			buildActionMask = 2147483647;
			files = (
			);
			runOnlyForDeploymentPostprocessing = 0;
		};
		5C831B092E38DAC900D8CFAA /* Sources */ = {
			isa = PBXSourcesBuildPhase;
			buildActionMask = 2147483647;
			files = (
			);
			runOnlyForDeploymentPostprocessing = 0;
		};
/* End PBXSourcesBuildPhase section */

/* Begin PBXTargetDependency section */
		5C831B052E38DAC900D8CFAA /* PBXTargetDependency */ = {
			isa = PBXTargetDependency;
			target = 5C831AEC2E38DAC800D8CFAA /* UyariMesajlari */;
			targetProxy = 5C831B042E38DAC900D8CFAA /* PBXContainerItemProxy */;
		};
		5C831B0F2E38DAC900D8CFAA /* PBXTargetDependency */ = {
			isa = PBXTargetDependency;
			target = 5C831AEC2E38DAC800D8CFAA /* UyariMesajlari */;
			targetProxy = 5C831B0E2E38DAC900D8CFAA /* PBXContainerItemProxy */;
		};
/* End PBXTargetDependency section */

/* Begin XCBuildConfiguration section */
		5C831B172E38DAC900D8CFAA /* Debug */ = {
			isa = XCBuildConfiguration;
			buildSettings = {
				ASSETCATALOG_COMPILER_APPICON_NAME = AppIcon;
				ASSETCATALOG_COMPILER_GLOBAL_ACCENT_COLOR_NAME = AccentColor;
				CODE_SIGN_STYLE = Automatic;
				CURRENT_PROJECT_VERSION = 1;
				DEVELOPMENT_TEAM = BM54N534ZR;
				GENERATE_INFOPLIST_FILE = YES;
				INFOPLIST_FILE = UyariMesajlari/Info.plist;
				INFOPLIST_KEY_UIApplicationSupportsIndirectInputEvents = YES;
				INFOPLIST_KEY_UILaunchStoryboardName = LaunchScreen;
				INFOPLIST_KEY_UIMainStoryboardFile = Main;
				INFOPLIST_KEY_UISupportedInterfaceOrientations_iPad = "UIInterfaceOrientationPortrait UIInterfaceOrientationPortraitUpsideDown UIInterfaceOrientationLandscapeLeft UIInterfaceOrientationLandscapeRight";
				INFOPLIST_KEY_UISupportedInterfaceOrientations_iPhone = "UIInterfaceOrientationPortrait UIInterfaceOrientationLandscapeLeft UIInterfaceOrientationLandscapeRight";
				LD_RUNPATH_SEARCH_PATHS = (
					"$(inherited)",
					"@executable_path/Frameworks",
				);
				MARKETING_VERSION = 1.0;
				PRODUCT_BUNDLE_IDENTIFIER = com.ozlemcihan.UyariMesajlari;
				PRODUCT_NAME = "$(TARGET_NAME)";
				SWIFT_EMIT_LOC_STRINGS = YES;
				SWIFT_VERSION = 5.0;
				TARGETED_DEVICE_FAMILY = "1,2";
			};
			name = Debug;
		};
		5C831B182E38DAC900D8CFAA /* Release */ = {
			isa = XCBuildConfiguration;
			buildSettings = {
				ASSETCATALOG_COMPILER_APPICON_NAME = AppIcon;
				ASSETCATALOG_COMPILER_GLOBAL_ACCENT_COLOR_NAME = AccentColor;
				CODE_SIGN_STYLE = Automatic;
				CURRENT_PROJECT_VERSION = 1;
				DEVELOPMENT_TEAM = BM54N534ZR;
				GENERATE_INFOPLIST_FILE = YES;
				INFOPLIST_FILE = UyariMesajlari/Info.plist;
				INFOPLIST_KEY_UIApplicationSupportsIndirectInputEvents = YES;
				INFOPLIST_KEY_UILaunchStoryboardName = LaunchScreen;
				INFOPLIST_KEY_UIMainStoryboardFile = Main;
				INFOPLIST_KEY_UISupportedInterfaceOrientations_iPad = "UIInterfaceOrientationPortrait UIInterfaceOrientationPortraitUpsideDown UIInterfaceOrientationLandscapeLeft UIInterfaceOrientationLandscapeRight";
				INFOPLIST_KEY_UISupportedInterfaceOrientations_iPhone = "UIInterfaceOrientationPortrait UIInterfaceOrientationLandscapeLeft UIInterfaceOrientationLandscapeRight";
				LD_RUNPATH_SEARCH_PATHS = (
					"$(inherited)",
					"@executable_path/Frameworks",
				);
				MARKETING_VERSION = 1.0;
				PRODUCT_BUNDLE_IDENTIFIER = com.ozlemcihan.UyariMesajlari;
				PRODUCT_NAME = "$(TARGET_NAME)";
				SWIFT_EMIT_LOC_STRINGS = YES;
				SWIFT_VERSION = 5.0;
				TARGETED_DEVICE_FAMILY = "1,2";
			};
			name = Release;
		};
		5C831B192E38DAC900D8CFAA /* Debug */ = {
			isa = XCBuildConfiguration;
			buildSettings = {
				ALWAYS_SEARCH_USER_PATHS = NO;
				ASSETCATALOG_COMPILER_GENERATE_SWIFT_ASSET_SYMBOL_EXTENSIONS = YES;
				CLANG_ANALYZER_NONNULL = YES;
				CLANG_ANALYZER_NUMBER_OBJECT_CONVERSION = YES_AGGRESSIVE;
				CLANG_CXX_LANGUAGE_STANDARD = "gnu++20";
				CLANG_ENABLE_MODULES = YES;
				CLANG_ENABLE_OBJC_ARC = YES;
				CLANG_ENABLE_OBJC_WEAK = YES;
				CLANG_WARN_BLOCK_CAPTURE_AUTORELEASING = YES;
				CLANG_WARN_BOOL_CONVERSION = YES;
				CLANG_WARN_COMMA = YES;
				CLANG_WARN_CONSTANT_CONVERSION = YES;
				CLANG_WARN_DEPRECATED_OBJC_IMPLEMENTATIONS = YES;
				CLANG_WARN_DIRECT_OBJC_ISA_USAGE = YES_ERROR;
				CLANG_WARN_DOCUMENTATION_COMMENTS = YES;
				CLANG_WARN_EMPTY_BODY = YES;
				CLANG_WARN_ENUM_CONVERSION = YES;
				CLANG_WARN_INFINITE_RECURSION = YES;
				CLANG_WARN_INT_CONVERSION = YES;
				CLANG_WARN_NON_LITERAL_NULL_CONVERSION = YES;
				CLANG_WARN_OBJC_IMPLICIT_RETAIN_SELF = YES;
				CLANG_WARN_OBJC_LITERAL_CONVERSION = YES;
				CLANG_WARN_OBJC_ROOT_CLASS = YES_ERROR;
				CLANG_WARN_QUOTED_INCLUDE_IN_FRAMEWORK_HEADER = YES;
				CLANG_WARN_RANGE_LOOP_ANALYSIS = YES;
				CLANG_WARN_STRICT_PROTOTYPES = YES;
				CLANG_WARN_SUSPICIOUS_MOVE = YES;
				CLANG_WARN_UNGUARDED_AVAILABILITY = YES_AGGRESSIVE;
				CLANG_WARN_UNREACHABLE_CODE = YES;
				CLANG_WARN__DUPLICATE_METHOD_MATCH = YES;
				COPY_PHASE_STRIP = NO;
				DEBUG_INFORMATION_FORMAT = dwarf;
				DEVELOPMENT_TEAM = BM54N534ZR;
				ENABLE_STRICT_OBJC_MSGSEND = YES;
				ENABLE_TESTABILITY = YES;
				ENABLE_USER_SCRIPT_SANDBOXING = YES;
				GCC_C_LANGUAGE_STANDARD = gnu17;
				GCC_DYNAMIC_NO_PIC = NO;
				GCC_NO_COMMON_BLOCKS = YES;
				GCC_OPTIMIZATION_LEVEL = 0;
				GCC_PREPROCESSOR_DEFINITIONS = (
					"DEBUG=1",
					"$(inherited)",
				);
				GCC_WARN_64_TO_32_BIT_CONVERSION = YES;
				GCC_WARN_ABOUT_RETURN_TYPE = YES_ERROR;
				GCC_WARN_UNDECLARED_SELECTOR = YES;
				GCC_WARN_UNINITIALIZED_AUTOS = YES_AGGRESSIVE;
				GCC_WARN_UNUSED_FUNCTION = YES;
				GCC_WARN_UNUSED_VARIABLE = YES;
				IPHONEOS_DEPLOYMENT_TARGET = 18.5;
				LOCALIZATION_PREFERS_STRING_CATALOGS = YES;
				MTL_ENABLE_DEBUG_INFO = INCLUDE_SOURCE;
				MTL_FAST_MATH = YES;
				ONLY_ACTIVE_ARCH = YES;
				SDKROOT = iphoneos;
				SWIFT_ACTIVE_COMPILATION_CONDITIONS = "DEBUG $(inherited)";
				SWIFT_OPTIMIZATION_LEVEL = "-Onone";
			};
			name = Debug;
		};
		5C831B1A2E38DAC900D8CFAA /* Release */ = {
			isa = XCBuildConfiguration;
			buildSettings = {
				ALWAYS_SEARCH_USER_PATHS = NO;
				ASSETCATALOG_COMPILER_GENERATE_SWIFT_ASSET_SYMBOL_EXTENSIONS = YES;
				CLANG_ANALYZER_NONNULL = YES;
				CLANG_ANALYZER_NUMBER_OBJECT_CONVERSION = YES_AGGRESSIVE;
				CLANG_CXX_LANGUAGE_STANDARD = "gnu++20";
				CLANG_ENABLE_MODULES = YES;
				CLANG_ENABLE_OBJC_ARC = YES;
				CLANG_ENABLE_OBJC_WEAK = YES;
				CLANG_WARN_BLOCK_CAPTURE_AUTORELEASING = YES;
				CLANG_WARN_BOOL_CONVERSION = YES;
				CLANG_WARN_COMMA = YES;
				CLANG_WARN_CONSTANT_CONVERSION = YES;
				CLANG_WARN_DEPRECATED_OBJC_IMPLEMENTATIONS = YES;
				CLANG_WARN_DIRECT_OBJC_ISA_USAGE = YES_ERROR;
				CLANG_WARN_DOCUMENTATION_COMMENTS = YES;
				CLANG_WARN_EMPTY_BODY = YES;
				CLANG_WARN_ENUM_CONVERSION = YES;
				CLANG_WARN_INFINITE_RECURSION = YES;
				CLANG_WARN_INT_CONVERSION = YES;
				CLANG_WARN_NON_LITERAL_NULL_CONVERSION = YES;
				CLANG_WARN_OBJC_IMPLICIT_RETAIN_SELF = YES;
				CLANG_WARN_OBJC_LITERAL_CONVERSION = YES;
				CLANG_WARN_OBJC_ROOT_CLASS = YES_ERROR;
				CLANG_WARN_QUOTED_INCLUDE_IN_FRAMEWORK_HEADER = YES;
				CLANG_WARN_RANGE_LOOP_ANALYSIS = YES;
				CLANG_WARN_STRICT_PROTOTYPES = YES;
				CLANG_WARN_SUSPICIOUS_MOVE = YES;
				CLANG_WARN_UNGUARDED_AVAILABILITY = YES_AGGRESSIVE;
				CLANG_WARN_UNREACHABLE_CODE = YES;
				CLANG_WARN__DUPLICATE_METHOD_MATCH = YES;
				COPY_PHASE_STRIP = NO;
				DEBUG_INFORMATION_FORMAT = "dwarf-with-dsym";
				DEVELOPMENT_TEAM = BM54N534ZR;
				ENABLE_NS_ASSERTIONS = NO;
				ENABLE_STRICT_OBJC_MSGSEND = YES;
				ENABLE_USER_SCRIPT_SANDBOXING = YES;
				GCC_C_LANGUAGE_STANDARD = gnu17;
				GCC_NO_COMMON_BLOCKS = YES;
				GCC_WARN_64_TO_32_BIT_CONVERSION = YES;
				GCC_WARN_ABOUT_RETURN_TYPE = YES_ERROR;
				GCC_WARN_UNDECLARED_SELECTOR = YES;
				GCC_WARN_UNINITIALIZED_AUTOS = YES_AGGRESSIVE;
				GCC_WARN_UNUSED_FUNCTION = YES;
				GCC_WARN_UNUSED_VARIABLE = YES;
				IPHONEOS_DEPLOYMENT_TARGET = 18.5;
				LOCALIZATION_PREFERS_STRING_CATALOGS = YES;
				MTL_ENABLE_DEBUG_INFO = NO;
				MTL_FAST_MATH = YES;
				SDKROOT = iphoneos;
				SWIFT_COMPILATION_MODE = wholemodule;
				VALIDATE_PRODUCT = YES;
			};
			name = Release;
		};
		5C831B1C2E38DAC900D8CFAA /* Debug */ = {
			isa = XCBuildConfiguration;
			buildSettings = {
				BUNDLE_LOADER = "$(TEST_HOST)";
				CODE_SIGN_STYLE = Automatic;
				CURRENT_PROJECT_VERSION = 1;
				DEVELOPMENT_TEAM = BM54N534ZR;
				GENERATE_INFOPLIST_FILE = YES;
				IPHONEOS_DEPLOYMENT_TARGET = 18.5;
				MARKETING_VERSION = 1.0;
				PRODUCT_BUNDLE_IDENTIFIER = com.ozlemcihan.UyariMesajlariTests;
				PRODUCT_NAME = "$(TARGET_NAME)";
				SWIFT_EMIT_LOC_STRINGS = NO;
				SWIFT_VERSION = 5.0;
				TARGETED_DEVICE_FAMILY = "1,2";
				TEST_HOST = "$(BUILT_PRODUCTS_DIR)/UyariMesajlari.app/$(BUNDLE_EXECUTABLE_FOLDER_PATH)/UyariMesajlari";
			};
			name = Debug;
		};
		5C831B1D2E38DAC900D8CFAA /* Release */ = {
			isa = XCBuildConfiguration;
			buildSettings = {
				BUNDLE_LOADER = "$(TEST_HOST)";
				CODE_SIGN_STYLE = Automatic;
				CURRENT_PROJECT_VERSION = 1;
				DEVELOPMENT_TEAM = BM54N534ZR;
				GENERATE_INFOPLIST_FILE = YES;
				IPHONEOS_DEPLOYMENT_TARGET = 18.5;
				MARKETING_VERSION = 1.0;
				PRODUCT_BUNDLE_IDENTIFIER = com.ozlemcihan.UyariMesajlariTests;
				PRODUCT_NAME = "$(TARGET_NAME)";
				SWIFT_EMIT_LOC_STRINGS = NO;
				SWIFT_VERSION = 5.0;
				TARGETED_DEVICE_FAMILY = "1,2";
				TEST_HOST = "$(BUILT_PRODUCTS_DIR)/UyariMesajlari.app/$(BUNDLE_EXECUTABLE_FOLDER_PATH)/UyariMesajlari";
			};
			name = Release;
		};
		5C831B1F2E38DAC900D8CFAA /* Debug */ = {
			isa = XCBuildConfiguration;
			buildSettings = {
				CODE_SIGN_STYLE = Automatic;
				CURRENT_PROJECT_VERSION = 1;
				DEVELOPMENT_TEAM = BM54N534ZR;
				GENERATE_INFOPLIST_FILE = YES;
				MARKETING_VERSION = 1.0;
				PRODUCT_BUNDLE_IDENTIFIER = com.ozlemcihan.UyariMesajlariUITests;
				PRODUCT_NAME = "$(TARGET_NAME)";
				SWIFT_EMIT_LOC_STRINGS = NO;
				SWIFT_VERSION = 5.0;
				TARGETED_DEVICE_FAMILY = "1,2";
				TEST_TARGET_NAME = UyariMesajlari;
			};
			name = Debug;
		};
		5C831B202E38DAC900D8CFAA /* Release */ = {
			isa = XCBuildConfiguration;
			buildSettings = {
				CODE_SIGN_STYLE = Automatic;
				CURRENT_PROJECT_VERSION = 1;
				DEVELOPMENT_TEAM = BM54N534ZR;
				GENERATE_INFOPLIST_FILE = YES;
				MARKETING_VERSION = 1.0;
				PRODUCT_BUNDLE_IDENTIFIER = com.ozlemcihan.UyariMesajlariUITests;
				PRODUCT_NAME = "$(TARGET_NAME)";
				SWIFT_EMIT_LOC_STRINGS = NO;
				SWIFT_VERSION = 5.0;
				TARGETED_DEVICE_FAMILY = "1,2";
				TEST_TARGET_NAME = UyariMesajlari;
			};
			name = Release;
		};
/* End XCBuildConfiguration section */

/* Begin XCConfigurationList section */
		5C831AE82E38DAC800D8CFAA /* Build configuration list for PBXProject "UyariMesajlari" */ = {
			isa = XCConfigurationList;
			buildConfigurations = (
				5C831B192E38DAC900D8CFAA /* Debug */,
				5C831B1A2E38DAC900D8CFAA /* Release */,
			);
			defaultConfigurationIsVisible = 0;
			defaultConfigurationName = Release;
		};
		5C831B162E38DAC900D8CFAA /* Build configuration list for PBXNativeTarget "UyariMesajlari" */ = {
			isa = XCConfigurationList;
			buildConfigurations = (
				5C831B172E38DAC900D8CFAA /* Debug */,
				5C831B182E38DAC900D8CFAA /* Release */,
			);
			defaultConfigurationIsVisible = 0;
			defaultConfigurationName = Release;
		};
		5C831B1B2E38DAC900D8CFAA /* Build configuration list for PBXNativeTarget "UyariMesajlariTests" */ = {
			isa = XCConfigurationList;
			buildConfigurations = (
				5C831B1C2E38DAC900D8CFAA /* Debug */,
				5C831B1D2E38DAC900D8CFAA /* Release */,
			);
			defaultConfigurationIsVisible = 0;
			defaultConfigurationName = Release;
		};
		5C831B1E2E38DAC900D8CFAA /* Build configuration list for PBXNativeTarget "UyariMesajlariUITests" */ = {
			isa = XCConfigurationList;
			buildConfigurations = (
				5C831B1F2E38DAC900D8CFAA /* Debug */,
				5C831B202E38DAC900D8CFAA /* Release */,
			);
			defaultConfigurationIsVisible = 0;
			defaultConfigurationName = Release;
		};
/* End XCConfigurationList section */
	};
	rootObject = 5C831AE52E38DAC800D8CFAA /* Project object */;
}
