// !$*UTF8*$!
{
	archiveVersion = 1;
	classes = {
	};
	objectVersion = 77;
	objects = {

/* Begin PBXContainerItemProxy section */
		5CEB07B52E3A2D5A00ACC6E4 /* PBXContainerItemProxy */ = {
			isa = PBXContainerItemProxy;
			containerPortal = 5CEB07962E3A2D5900ACC6E4 /* Project object */;
			proxyType = 1;
			remoteGlobalIDString = 5CEB079D2E3A2D5900ACC6E4;
			remoteInfo = Sayaclar;
		};
		5CEB07BF2E3A2D5A00ACC6E4 /* PBXContainerItemProxy */ = {
			isa = PBXContainerItemProxy;
			containerPortal = 5CEB07962E3A2D5900ACC6E4 /* Project object */;
			proxyType = 1;
			remoteGlobalIDString = 5CEB079D2E3A2D5900ACC6E4;
			remoteInfo = Sayaclar;
		};
/* End PBXContainerItemProxy section */

/* Begin PBXFileReference section */
		5CEB079E2E3A2D5900ACC6E4 /* Sayaclar.app */ = {isa = PBXFileReference; explicitFileType = wrapper.application; includeInIndex = 0; path = Sayaclar.app; sourceTree = BUILT_PRODUCTS_DIR; };
		5CEB07B42E3A2D5A00ACC6E4 /* SayaclarTests.xctest */ = {isa = PBXFileReference; explicitFileType = wrapper.cfbundle; includeInIndex = 0; path = SayaclarTests.xctest; sourceTree = BUILT_PRODUCTS_DIR; };
		5CEB07BE2E3A2D5A00ACC6E4 /* SayaclarUITests.xctest */ = {isa = PBXFileReference; explicitFileType = wrapper.cfbundle; includeInIndex = 0; path = SayaclarUITests.xctest; sourceTree = BUILT_PRODUCTS_DIR; };
/* End PBXFileReference section */

/* Begin PBXFileSystemSynchronizedBuildFileExceptionSet section */
		5CEB07C62E3A2D5A00ACC6E4 /* Exceptions for "Sayaclar" folder in "Sayaclar" target */ = {
			isa = PBXFileSystemSynchronizedBuildFileExceptionSet;
			membershipExceptions = (
				Info.plist,
			);
			target = 5CEB079D2E3A2D5900ACC6E4 /* Sayaclar */;
		};
/* End PBXFileSystemSynchronizedBuildFileExceptionSet section */

/* Begin PBXFileSystemSynchronizedRootGroup section */
		5CEB07A02E3A2D5900ACC6E4 /* Sayaclar */ = {
			isa = PBXFileSystemSynchronizedRootGroup;
			exceptions = (
				5CEB07C62E3A2D5A00ACC6E4 /* Exceptions for "Sayaclar" folder in "Sayaclar" target */,
			);
			path = Sayaclar;
			sourceTree = "<group>";
		};
		5CEB07B72E3A2D5A00ACC6E4 /* SayaclarTests */ = {
			isa = PBXFileSystemSynchronizedRootGroup;
			path = SayaclarTests;
			sourceTree = "<group>";
		};
		5CEB07C12E3A2D5A00ACC6E4 /* SayaclarUITests */ = {
			isa = PBXFileSystemSynchronizedRootGroup;
			path = SayaclarUITests;
			sourceTree = "<group>";
		};
/* End PBXFileSystemSynchronizedRootGroup section */

/* Begin PBXFrameworksBuildPhase section */
		5CEB079B2E3A2D5900ACC6E4 /* Frameworks */ = {
			isa = PBXFrameworksBuildPhase;
			buildActionMask = 2147483647;
			files = (
			);
			runOnlyForDeploymentPostprocessing = 0;
		};
		5CEB07B12E3A2D5A00ACC6E4 /* Frameworks */ = {
			isa = PBXFrameworksBuildPhase;
			buildActionMask = 2147483647;
			files = (
			);
			runOnlyForDeploymentPostprocessing = 0;
		};
		5CEB07BB2E3A2D5A00ACC6E4 /* Frameworks */ = {
			isa = PBXFrameworksBuildPhase;
			buildActionMask = 2147483647;
			files = (
			);
			runOnlyForDeploymentPostprocessing = 0;
		};
/* End PBXFrameworksBuildPhase section */

/* Begin PBXGroup section */
		5CEB07952E3A2D5900ACC6E4 = {
			isa = PBXGroup;
			children = (
				5CEB07A02E3A2D5900ACC6E4 /* Sayaclar */,
				5CEB07B72E3A2D5A00ACC6E4 /* SayaclarTests */,
				5CEB07C12E3A2D5A00ACC6E4 /* SayaclarUITests */,
				5CEB079F2E3A2D5900ACC6E4 /* Products */,
			);
			sourceTree = "<group>";
		};
		5CEB079F2E3A2D5900ACC6E4 /* Products */ = {
			isa = PBXGroup;
			children = (
				5CEB079E2E3A2D5900ACC6E4 /* Sayaclar.app */,
				5CEB07B42E3A2D5A00ACC6E4 /* SayaclarTests.xctest */,
				5CEB07BE2E3A2D5A00ACC6E4 /* SayaclarUITests.xctest */,
			);
			name = Products;
			sourceTree = "<group>";
		};
/* End PBXGroup section */

/* Begin PBXNativeTarget section */
		5CEB079D2E3A2D5900ACC6E4 /* Sayaclar */ = {
			isa = PBXNativeTarget;
			buildConfigurationList = 5CEB07C72E3A2D5A00ACC6E4 /* Build configuration list for PBXNativeTarget "Sayaclar" */;
			buildPhases = (
				5CEB079A2E3A2D5900ACC6E4 /* Sources */,
				5CEB079B2E3A2D5900ACC6E4 /* Frameworks */,
				5CEB079C2E3A2D5900ACC6E4 /* Resources */,
			);
			buildRules = (
			);
			dependencies = (
			);
			fileSystemSynchronizedGroups = (
				5CEB07A02E3A2D5900ACC6E4 /* Sayaclar */,
			);
			name = Sayaclar;
			packageProductDependencies = (
			);
			productName = Sayaclar;
			productReference = 5CEB079E2E3A2D5900ACC6E4 /* Sayaclar.app */;
			productType = "com.apple.product-type.application";
		};
		5CEB07B32E3A2D5A00ACC6E4 /* SayaclarTests */ = {
			isa = PBXNativeTarget;
			buildConfigurationList = 5CEB07CC2E3A2D5A00ACC6E4 /* Build configuration list for PBXNativeTarget "SayaclarTests" */;
			buildPhases = (
				5CEB07B02E3A2D5A00ACC6E4 /* Sources */,
				5CEB07B12E3A2D5A00ACC6E4 /* Frameworks */,
				5CEB07B22E3A2D5A00ACC6E4 /* Resources */,
			);
			buildRules = (
			);
			dependencies = (
				5CEB07B62E3A2D5A00ACC6E4 /* PBXTargetDependency */,
			);
			fileSystemSynchronizedGroups = (
				5CEB07B72E3A2D5A00ACC6E4 /* SayaclarTests */,
			);
			name = SayaclarTests;
			packageProductDependencies = (
			);
			productName = SayaclarTests;
			productReference = 5CEB07B42E3A2D5A00ACC6E4 /* SayaclarTests.xctest */;
			productType = "com.apple.product-type.bundle.unit-test";
		};
		5CEB07BD2E3A2D5A00ACC6E4 /* SayaclarUITests */ = {
			isa = PBXNativeTarget;
			buildConfigurationList = 5CEB07CF2E3A2D5A00ACC6E4 /* Build configuration list for PBXNativeTarget "SayaclarUITests" */;
			buildPhases = (
				5CEB07BA2E3A2D5A00ACC6E4 /* Sources */,
				5CEB07BB2E3A2D5A00ACC6E4 /* Frameworks */,
				5CEB07BC2E3A2D5A00ACC6E4 /* Resources */,
			);
			buildRules = (
			);
			dependencies = (
				5CEB07C02E3A2D5A00ACC6E4 /* PBXTargetDependency */,
			);
			fileSystemSynchronizedGroups = (
				5CEB07C12E3A2D5A00ACC6E4 /* SayaclarUITests */,
			);
			name = SayaclarUITests;
			packageProductDependencies = (
			);
			productName = SayaclarUITests;
			productReference = 5CEB07BE2E3A2D5A00ACC6E4 /* SayaclarUITests.xctest */;
			productType = "com.apple.product-type.bundle.ui-testing";
		};
/* End PBXNativeTarget section */

/* Begin PBXProject section */
		5CEB07962E3A2D5900ACC6E4 /* Project object */ = {
			isa = PBXProject;
			attributes = {
				BuildIndependentTargetsInParallel = 1;
				LastSwiftUpdateCheck = 1640;
				LastUpgradeCheck = 1640;
				TargetAttributes = {
					5CEB079D2E3A2D5900ACC6E4 = {
						CreatedOnToolsVersion = 16.4;
					};
					5CEB07B32E3A2D5A00ACC6E4 = {
						CreatedOnToolsVersion = 16.4;
						TestTargetID = 5CEB079D2E3A2D5900ACC6E4;
					};
					5CEB07BD2E3A2D5A00ACC6E4 = {
						CreatedOnToolsVersion = 16.4;
						TestTargetID = 5CEB079D2E3A2D5900ACC6E4;
					};
				};
			};
			buildConfigurationList = 5CEB07992E3A2D5900ACC6E4 /* Build configuration list for PBXProject "Sayaclar" */;
			developmentRegion = en;
			hasScannedForEncodings = 0;
			knownRegions = (
				en,
				Base,
			);
			mainGroup = 5CEB07952E3A2D5900ACC6E4;
			minimizedProjectReferenceProxies = 1;
			preferredProjectObjectVersion = 77;
			productRefGroup = 5CEB079F2E3A2D5900ACC6E4 /* Products */;
			projectDirPath = "";
			projectRoot = "";
			targets = (
				5CEB079D2E3A2D5900ACC6E4 /* Sayaclar */,
				5CEB07B32E3A2D5A00ACC6E4 /* SayaclarTests */,
				5CEB07BD2E3A2D5A00ACC6E4 /* SayaclarUITests */,
			);
		};
/* End PBXProject section */

/* Begin PBXResourcesBuildPhase section */
		5CEB079C2E3A2D5900ACC6E4 /* Resources */ = {
			isa = PBXResourcesBuildPhase;
			buildActionMask = 2147483647;
			files = (
			);
			runOnlyForDeploymentPostprocessing = 0;
		};
		5CEB07B22E3A2D5A00ACC6E4 /* Resources */ = {
			isa = PBXResourcesBuildPhase;
			buildActionMask = 2147483647;
			files = (
			);
			runOnlyForDeploymentPostprocessing = 0;
		};
		5CEB07BC2E3A2D5A00ACC6E4 /* Resources */ = {
			isa = PBXResourcesBuildPhase;
			buildActionMask = 2147483647;
			files = (
			);
			runOnlyForDeploymentPostprocessing = 0;
		};
/* End PBXResourcesBuildPhase section */

/* Begin PBXSourcesBuildPhase section */
		5CEB079A2E3A2D5900ACC6E4 /* Sources */ = {
			isa = PBXSourcesBuildPhase;
			buildActionMask = 2147483647;
			files = (
			);
			runOnlyForDeploymentPostprocessing = 0;
		};
		5CEB07B02E3A2D5A00ACC6E4 /* Sources */ = {
			isa = PBXSourcesBuildPhase;
			buildActionMask = 2147483647;
			files = (
			);
			runOnlyForDeploymentPostprocessing = 0;
		};
		5CEB07BA2E3A2D5A00ACC6E4 /* Sources */ = {
			isa = PBXSourcesBuildPhase;
			buildActionMask = 2147483647;
			files = (
			);
			runOnlyForDeploymentPostprocessing = 0;
		};
/* End PBXSourcesBuildPhase section */

/* Begin PBXTargetDependency section */
		5CEB07B62E3A2D5A00ACC6E4 /* PBXTargetDependency */ = {
			isa = PBXTargetDependency;
			target = 5CEB079D2E3A2D5900ACC6E4 /* Sayaclar */;
			targetProxy = 5CEB07B52E3A2D5A00ACC6E4 /* PBXContainerItemProxy */;
		};
		5CEB07C02E3A2D5A00ACC6E4 /* PBXTargetDependency */ = {
			isa = PBXTargetDependency;
			target = 5CEB079D2E3A2D5900ACC6E4 /* Sayaclar */;
			targetProxy = 5CEB07BF2E3A2D5A00ACC6E4 /* PBXContainerItemProxy */;
		};
/* End PBXTargetDependency section */

/* Begin XCBuildConfiguration section */
		5CEB07C82E3A2D5A00ACC6E4 /* Debug */ = {
			isa = XCBuildConfiguration;
			buildSettings = {
				ASSETCATALOG_COMPILER_APPICON_NAME = AppIcon;
				ASSETCATALOG_COMPILER_GLOBAL_ACCENT_COLOR_NAME = AccentColor;
				CODE_SIGN_STYLE = Automatic;
				CURRENT_PROJECT_VERSION = 1;
				DEVELOPMENT_TEAM = BM54N534ZR;
				GENERATE_INFOPLIST_FILE = YES;
				INFOPLIST_FILE = Sayaclar/Info.plist;
				INFOPLIST_KEY_UIApplicationSupportsIndirectInputEvents = YES;
				INFOPLIST_KEY_UILaunchStoryboardName = LaunchScreen;
				INFOPLIST_KEY_UIMainStoryboardFile = Main;
				INFOPLIST_KEY_UISupportedInterfaceOrientations_iPad = "UIInterfaceOrientationPortrait UIInterfaceOrientationPortraitUpsideDown UIInterfaceOrientationLandscapeLeft UIInterfaceOrientationLandscapeRight";
				INFOPLIST_KEY_UISupportedInterfaceOrientations_iPhone = "UIInterfaceOrientationPortrait UIInterfaceOrientationLandscapeLeft UIInterfaceOrientationLandscapeRight";
				LD_RUNPATH_SEARCH_PATHS = (
					"$(inherited)",
					"@executable_path/Frameworks",
				);
				MARKETING_VERSION = 1.0;
				PRODUCT_BUNDLE_IDENTIFIER = com.ozlemcihan.Sayaclar;
				PRODUCT_NAME = "$(TARGET_NAME)";
				SWIFT_EMIT_LOC_STRINGS = YES;
				SWIFT_VERSION = 5.0;
				TARGETED_DEVICE_FAMILY = "1,2";
			};
			name = Debug;
		};
		5CEB07C92E3A2D5A00ACC6E4 /* Release */ = {
			isa = XCBuildConfiguration;
			buildSettings = {
				ASSETCATALOG_COMPILER_APPICON_NAME = AppIcon;
				ASSETCATALOG_COMPILER_GLOBAL_ACCENT_COLOR_NAME = AccentColor;
				CODE_SIGN_STYLE = Automatic;
				CURRENT_PROJECT_VERSION = 1;
				DEVELOPMENT_TEAM = BM54N534ZR;
				GENERATE_INFOPLIST_FILE = YES;
				INFOPLIST_FILE = Sayaclar/Info.plist;
				INFOPLIST_KEY_UIApplicationSupportsIndirectInputEvents = YES;
				INFOPLIST_KEY_UILaunchStoryboardName = LaunchScreen;
				INFOPLIST_KEY_UIMainStoryboardFile = Main;
				INFOPLIST_KEY_UISupportedInterfaceOrientations_iPad = "UIInterfaceOrientationPortrait UIInterfaceOrientationPortraitUpsideDown UIInterfaceOrientationLandscapeLeft UIInterfaceOrientationLandscapeRight";
				INFOPLIST_KEY_UISupportedInterfaceOrientations_iPhone = "UIInterfaceOrientationPortrait UIInterfaceOrientationLandscapeLeft UIInterfaceOrientationLandscapeRight";
				LD_RUNPATH_SEARCH_PATHS = (
					"$(inherited)",
					"@executable_path/Frameworks",
				);
				MARKETING_VERSION = 1.0;
				PRODUCT_BUNDLE_IDENTIFIER = com.ozlemcihan.Sayaclar;
				PRODUCT_NAME = "$(TARGET_NAME)";
				SWIFT_EMIT_LOC_STRINGS = YES;
				SWIFT_VERSION = 5.0;
				TARGETED_DEVICE_FAMILY = "1,2";
			};
			name = Release;
		};
		5CEB07CA2E3A2D5A00ACC6E4 /* Debug */ = {
			isa = XCBuildConfiguration;
			buildSettings = {
				ALWAYS_SEARCH_USER_PATHS = NO;
				ASSETCATALOG_COMPILER_GENERATE_SWIFT_ASSET_SYMBOL_EXTENSIONS = YES;
				CLANG_ANALYZER_NONNULL = YES;
				CLANG_ANALYZER_NUMBER_OBJECT_CONVERSION = YES_AGGRESSIVE;
				CLANG_CXX_LANGUAGE_STANDARD = "gnu++20";
				CLANG_ENABLE_MODULES = YES;
				CLANG_ENABLE_OBJC_ARC = YES;
				CLANG_ENABLE_OBJC_WEAK = YES;
				CLANG_WARN_BLOCK_CAPTURE_AUTORELEASING = YES;
				CLANG_WARN_BOOL_CONVERSION = YES;
				CLANG_WARN_COMMA = YES;
				CLANG_WARN_CONSTANT_CONVERSION = YES;
				CLANG_WARN_DEPRECATED_OBJC_IMPLEMENTATIONS = YES;
				CLANG_WARN_DIRECT_OBJC_ISA_USAGE = YES_ERROR;
				CLANG_WARN_DOCUMENTATION_COMMENTS = YES;
				CLANG_WARN_EMPTY_BODY = YES;
				CLANG_WARN_ENUM_CONVERSION = YES;
				CLANG_WARN_INFINITE_RECURSION = YES;
				CLANG_WARN_INT_CONVERSION = YES;
				CLANG_WARN_NON_LITERAL_NULL_CONVERSION = YES;
				CLANG_WARN_OBJC_IMPLICIT_RETAIN_SELF = YES;
				CLANG_WARN_OBJC_LITERAL_CONVERSION = YES;
				CLANG_WARN_OBJC_ROOT_CLASS = YES_ERROR;
				CLANG_WARN_QUOTED_INCLUDE_IN_FRAMEWORK_HEADER = YES;
				CLANG_WARN_RANGE_LOOP_ANALYSIS = YES;
				CLANG_WARN_STRICT_PROTOTYPES = YES;
				CLANG_WARN_SUSPICIOUS_MOVE = YES;
				CLANG_WARN_UNGUARDED_AVAILABILITY = YES_AGGRESSIVE;
				CLANG_WARN_UNREACHABLE_CODE = YES;
				CLANG_WARN__DUPLICATE_METHOD_MATCH = YES;
				COPY_PHASE_STRIP = NO;
				DEBUG_INFORMATION_FORMAT = dwarf;
				DEVELOPMENT_TEAM = BM54N534ZR;
				ENABLE_STRICT_OBJC_MSGSEND = YES;
				ENABLE_TESTABILITY = YES;
				ENABLE_USER_SCRIPT_SANDBOXING = YES;
				GCC_C_LANGUAGE_STANDARD = gnu17;
				GCC_DYNAMIC_NO_PIC = NO;
				GCC_NO_COMMON_BLOCKS = YES;
				GCC_OPTIMIZATION_LEVEL = 0;
				GCC_PREPROCESSOR_DEFINITIONS = (
					"DEBUG=1",
					"$(inherited)",
				);
				GCC_WARN_64_TO_32_BIT_CONVERSION = YES;
				GCC_WARN_ABOUT_RETURN_TYPE = YES_ERROR;
				GCC_WARN_UNDECLARED_SELECTOR = YES;
				GCC_WARN_UNINITIALIZED_AUTOS = YES_AGGRESSIVE;
				GCC_WARN_UNUSED_FUNCTION = YES;
				GCC_WARN_UNUSED_VARIABLE = YES;
				IPHONEOS_DEPLOYMENT_TARGET = 18.5;
				LOCALIZATION_PREFERS_STRING_CATALOGS = YES;
				MTL_ENABLE_DEBUG_INFO = INCLUDE_SOURCE;
				MTL_FAST_MATH = YES;
				ONLY_ACTIVE_ARCH = YES;
				SDKROOT = iphoneos;
				SWIFT_ACTIVE_COMPILATION_CONDITIONS = "DEBUG $(inherited)";
				SWIFT_OPTIMIZATION_LEVEL = "-Onone";
			};
			name = Debug;
		};
		5CEB07CB2E3A2D5A00ACC6E4 /* Release */ = {
			isa = XCBuildConfiguration;
			buildSettings = {
				ALWAYS_SEARCH_USER_PATHS = NO;
				ASSETCATALOG_COMPILER_GENERATE_SWIFT_ASSET_SYMBOL_EXTENSIONS = YES;
				CLANG_ANALYZER_NONNULL = YES;
				CLANG_ANALYZER_NUMBER_OBJECT_CONVERSION = YES_AGGRESSIVE;
				CLANG_CXX_LANGUAGE_STANDARD = "gnu++20";
				CLANG_ENABLE_MODULES = YES;
				CLANG_ENABLE_OBJC_ARC = YES;
				CLANG_ENABLE_OBJC_WEAK = YES;
				CLANG_WARN_BLOCK_CAPTURE_AUTORELEASING = YES;
				CLANG_WARN_BOOL_CONVERSION = YES;
				CLANG_WARN_COMMA = YES;
				CLANG_WARN_CONSTANT_CONVERSION = YES;
				CLANG_WARN_DEPRECATED_OBJC_IMPLEMENTATIONS = YES;
				CLANG_WARN_DIRECT_OBJC_ISA_USAGE = YES_ERROR;
				CLANG_WARN_DOCUMENTATION_COMMENTS = YES;
				CLANG_WARN_EMPTY_BODY = YES;
				CLANG_WARN_ENUM_CONVERSION = YES;
				CLANG_WARN_INFINITE_RECURSION = YES;
				CLANG_WARN_INT_CONVERSION = YES;
				CLANG_WARN_NON_LITERAL_NULL_CONVERSION = YES;
				CLANG_WARN_OBJC_IMPLICIT_RETAIN_SELF = YES;
				CLANG_WARN_OBJC_LITERAL_CONVERSION = YES;
				CLANG_WARN_OBJC_ROOT_CLASS = YES_ERROR;
				CLANG_WARN_QUOTED_INCLUDE_IN_FRAMEWORK_HEADER = YES;
				CLANG_WARN_RANGE_LOOP_ANALYSIS = YES;
				CLANG_WARN_STRICT_PROTOTYPES = YES;
				CLANG_WARN_SUSPICIOUS_MOVE = YES;
				CLANG_WARN_UNGUARDED_AVAILABILITY = YES_AGGRESSIVE;
				CLANG_WARN_UNREACHABLE_CODE = YES;
				CLANG_WARN__DUPLICATE_METHOD_MATCH = YES;
				COPY_PHASE_STRIP = NO;
				DEBUG_INFORMATION_FORMAT = "dwarf-with-dsym";
				DEVELOPMENT_TEAM = BM54N534ZR;
				ENABLE_NS_ASSERTIONS = NO;
				ENABLE_STRICT_OBJC_MSGSEND = YES;
				ENABLE_USER_SCRIPT_SANDBOXING = YES;
				GCC_C_LANGUAGE_STANDARD = gnu17;
				GCC_NO_COMMON_BLOCKS = YES;
				GCC_WARN_64_TO_32_BIT_CONVERSION = YES;
				GCC_WARN_ABOUT_RETURN_TYPE = YES_ERROR;
				GCC_WARN_UNDECLARED_SELECTOR = YES;
				GCC_WARN_UNINITIALIZED_AUTOS = YES_AGGRESSIVE;
				GCC_WARN_UNUSED_FUNCTION = YES;
				GCC_WARN_UNUSED_VARIABLE = YES;
				IPHONEOS_DEPLOYMENT_TARGET = 18.5;
				LOCALIZATION_PREFERS_STRING_CATALOGS = YES;
				MTL_ENABLE_DEBUG_INFO = NO;
				MTL_FAST_MATH = YES;
				SDKROOT = iphoneos;
				SWIFT_COMPILATION_MODE = wholemodule;
				VALIDATE_PRODUCT = YES;
			};
			name = Release;
		};
		5CEB07CD2E3A2D5A00ACC6E4 /* Debug */ = {
			isa = XCBuildConfiguration;
			buildSettings = {
				BUNDLE_LOADER = "$(TEST_HOST)";
				CODE_SIGN_STYLE = Automatic;
				CURRENT_PROJECT_VERSION = 1;
				DEVELOPMENT_TEAM = BM54N534ZR;
				GENERATE_INFOPLIST_FILE = YES;
				IPHONEOS_DEPLOYMENT_TARGET = 18.5;
				MARKETING_VERSION = 1.0;
				PRODUCT_BUNDLE_IDENTIFIER = com.ozlemcihan.SayaclarTests;
				PRODUCT_NAME = "$(TARGET_NAME)";
				SWIFT_EMIT_LOC_STRINGS = NO;
				SWIFT_VERSION = 5.0;
				TARGETED_DEVICE_FAMILY = "1,2";
				TEST_HOST = "$(BUILT_PRODUCTS_DIR)/Sayaclar.app/$(BUNDLE_EXECUTABLE_FOLDER_PATH)/Sayaclar";
			};
			name = Debug;
		};
		5CEB07CE2E3A2D5A00ACC6E4 /* Release */ = {
			isa = XCBuildConfiguration;
			buildSettings = {
				BUNDLE_LOADER = "$(TEST_HOST)";
				CODE_SIGN_STYLE = Automatic;
				CURRENT_PROJECT_VERSION = 1;
				DEVELOPMENT_TEAM = BM54N534ZR;
				GENERATE_INFOPLIST_FILE = YES;
				IPHONEOS_DEPLOYMENT_TARGET = 18.5;
				MARKETING_VERSION = 1.0;
				PRODUCT_BUNDLE_IDENTIFIER = com.ozlemcihan.SayaclarTests;
				PRODUCT_NAME = "$(TARGET_NAME)";
				SWIFT_EMIT_LOC_STRINGS = NO;
				SWIFT_VERSION = 5.0;
				TARGETED_DEVICE_FAMILY = "1,2";
				TEST_HOST = "$(BUILT_PRODUCTS_DIR)/Sayaclar.app/$(BUNDLE_EXECUTABLE_FOLDER_PATH)/Sayaclar";
			};
			name = Release;
		};
		5CEB07D02E3A2D5A00ACC6E4 /* Debug */ = {
			isa = XCBuildConfiguration;
			buildSettings = {
				CODE_SIGN_STYLE = Automatic;
				CURRENT_PROJECT_VERSION = 1;
				DEVELOPMENT_TEAM = BM54N534ZR;
				GENERATE_INFOPLIST_FILE = YES;
				MARKETING_VERSION = 1.0;
				PRODUCT_BUNDLE_IDENTIFIER = com.ozlemcihan.SayaclarUITests;
				PRODUCT_NAME = "$(TARGET_NAME)";
				SWIFT_EMIT_LOC_STRINGS = NO;
				SWIFT_VERSION = 5.0;
				TARGETED_DEVICE_FAMILY = "1,2";
				TEST_TARGET_NAME = Sayaclar;
			};
			name = Debug;
		};
		5CEB07D12E3A2D5A00ACC6E4 /* Release */ = {
			isa = XCBuildConfiguration;
			buildSettings = {
				CODE_SIGN_STYLE = Automatic;
				CURRENT_PROJECT_VERSION = 1;
				DEVELOPMENT_TEAM = BM54N534ZR;
				GENERATE_INFOPLIST_FILE = YES;
				MARKETING_VERSION = 1.0;
				PRODUCT_BUNDLE_IDENTIFIER = com.ozlemcihan.SayaclarUITests;
				PRODUCT_NAME = "$(TARGET_NAME)";
				SWIFT_EMIT_LOC_STRINGS = NO;
				SWIFT_VERSION = 5.0;
				TARGETED_DEVICE_FAMILY = "1,2";
				TEST_TARGET_NAME = Sayaclar;
			};
			name = Release;
		};
/* End XCBuildConfiguration section */

/* Begin XCConfigurationList section */
		5CEB07992E3A2D5900ACC6E4 /* Build configuration list for PBXProject "Sayaclar" */ = {
			isa = XCConfigurationList;
			buildConfigurations = (
				5CEB07CA2E3A2D5A00ACC6E4 /* Debug */,
				5CEB07CB2E3A2D5A00ACC6E4 /* Release */,
			);
			defaultConfigurationIsVisible = 0;
			defaultConfigurationName = Release;
		};
		5CEB07C72E3A2D5A00ACC6E4 /* Build configuration list for PBXNativeTarget "Sayaclar" */ = {
			isa = XCConfigurationList;
			buildConfigurations = (
				5CEB07C82E3A2D5A00ACC6E4 /* Debug */,
				5CEB07C92E3A2D5A00ACC6E4 /* Release */,
			);
			defaultConfigurationIsVisible = 0;
			defaultConfigurationName = Release;
		};
		5CEB07CC2E3A2D5A00ACC6E4 /* Build configuration list for PBXNativeTarget "SayaclarTests" */ = {
			isa = XCConfigurationList;
			buildConfigurations = (
				5CEB07CD2E3A2D5A00ACC6E4 /* Debug */,
				5CEB07CE2E3A2D5A00ACC6E4 /* Release */,
			);
			defaultConfigurationIsVisible = 0;
			defaultConfigurationName = Release;
		};
		5CEB07CF2E3A2D5A00ACC6E4 /* Build configuration list for PBXNativeTarget "SayaclarUITests" */ = {
			isa = XCConfigurationList;
			buildConfigurations = (
				5CEB07D02E3A2D5A00ACC6E4 /* Debug */,
				5CEB07D12E3A2D5A00ACC6E4 /* Release */,
			);
			defaultConfigurationIsVisible = 0;
			defaultConfigurationName = Release;
		};
/* End XCConfigurationList section */
	};
	rootObject = 5CEB07962E3A2D5900ACC6E4 /* Project object */;
}
